// !$*UTF8*$!
{
	archiveVersion = 1;
	classes = {
	};
	objectVersion = 46;
	objects = {

/* Begin PBXBuildFile section */
		0091D8F90E81B9330029341E /* OpenGL.framework in Frameworks */ = {isa = PBXBuildFile; fileRef = 0091D8F80E81B9330029341E /* OpenGL.framework */; };
		00B784B30FF439BC000DE1D7 /* Accelerate.framework in Frameworks */ = {isa = PBXBuildFile; fileRef = 00B784AF0FF439BC000DE1D7 /* Accelerate.framework */; };
		00B784B40FF439BC000DE1D7 /* AudioToolbox.framework in Frameworks */ = {isa = PBXBuildFile; fileRef = 00B784B00FF439BC000DE1D7 /* AudioToolbox.framework */; };
		00B784B50FF439BC000DE1D7 /* AudioUnit.framework in Frameworks */ = {isa = PBXBuildFile; fileRef = 00B784B10FF439BC000DE1D7 /* AudioUnit.framework */; };
		00B784B60FF439BC000DE1D7 /* CoreAudio.framework in Frameworks */ = {isa = PBXBuildFile; fileRef = 00B784B20FF439BC000DE1D7 /* CoreAudio.framework */; };
		0163694A90F84AFF883009CE /* b2EdgeShape.cpp in Sources */ = {isa = PBXBuildFile; fileRef = 65FAD8FCE75E48DFAFC20788 /* b2EdgeShape.cpp */; };
		02863259AA4F46B18400B419 /* GUI.mm in Sources */ = {isa = PBXBuildFile; fileRef = B8B30468DAA546AE9EA52593 /* GUI.mm */; };
		035AA6784ED24FDBAF699747 /* Input.cpp in Sources */ = {isa = PBXBuildFile; fileRef = 78CAA87F2F7D426C89958BBA /* Input.cpp */; };
		07972FA960224FBA8F5EEACB /* b2Math.cpp in Sources */ = {isa = PBXBuildFile; fileRef = 8D59C07A3A8441A18FA9B185 /* b2Math.cpp */; };
		07C21E73D2F640FEA5EE39DD /* Output.cpp in Sources */ = {isa = PBXBuildFile; fileRef = 258DA60F2BEB401E9548E6B8 /* Output.cpp */; };
		0F9E2ED5C6D94EE68102F0CE /* CoreAudioKit.framework in Frameworks */ = {isa = PBXBuildFile; fileRef = 62DCD508AA4A43CABE588904 /* CoreAudioKit.framework */; };
		12184F93F6614F6CB60F1ACB /* IpEndpointName.cpp in Sources */ = {isa = PBXBuildFile; fileRef = 8EE945E8C7CB4C748F8C1FAB /* IpEndpointName.cpp */; };
		15CADB3E4D53453CBDBEBAF8 /* Carbon.framework in Frameworks */ = {isa = PBXBuildFile; fileRef = 1922396956A44FC4A5B642F4 /* Carbon.framework */; };
		1BDF71F0A8FA4A14B29E8795 /* b2ContactSolver.cpp in Sources */ = {isa = PBXBuildFile; fileRef = 8549DC0677364954A2F4CB75 /* b2ContactSolver.cpp */; };
		1FEAC981A5D54644ABE81CFB /* Sampler.cpp in Sources */ = {isa = PBXBuildFile; fileRef = E9F726F3A6134E12A8ED8E52 /* Sampler.cpp */; };
		2031EBA752294A6E8C2A0DF9 /* b2Joint.cpp in Sources */ = {isa = PBXBuildFile; fileRef = 10792100E5B24411A1E51322 /* b2Joint.cpp */; };
		27360EEA124B4F8F8D4296A4 /* syphonClient.mm in Sources */ = {isa = PBXBuildFile; fileRef = E4B68B04A49D45D48D815354 /* syphonClient.mm */; };
		29B5C729EC1640D99B11EDD2 /* OscPrintReceivedElements.cpp in Sources */ = {isa = PBXBuildFile; fileRef = D7D3BC6090A2411F8589B4EA /* OscPrintReceivedElements.cpp */; };
		2C4CB2FADE4B4F25AE968831 /* Tap.cpp in Sources */ = {isa = PBXBuildFile; fileRef = 4B6B25D191F244BA90CCCB42 /* Tap.cpp */; };
		2C57390B6A4D4EDFBCF14548 /* UdpSocket.cpp in Sources */ = {isa = PBXBuildFile; fileRef = 5E303CAA56F04BC180B9AC70 /* UdpSocket.cpp */; };
		2F252ABE210D405CAA0084AB /* OscBundle.cpp in Sources */ = {isa = PBXBuildFile; fileRef = 017B40CB467F4CD2A510A038 /* OscBundle.cpp */; };
		3038B04B7D1746378AA97EBF /* b2ChainShape.cpp in Sources */ = {isa = PBXBuildFile; fileRef = 65BD264BC34A405CBBE2A53F /* b2ChainShape.cpp */; };
		30AED334EA2B45EABFE80E2F /* b2PulleyJoint.cpp in Sources */ = {isa = PBXBuildFile; fileRef = E58D176DF2DF427786D9CA71 /* b2PulleyJoint.cpp */; };
		30B1FF5D30A9469C9CC81D9C /* FilePlayer.cpp in Sources */ = {isa = PBXBuildFile; fileRef = A471BD8BF31D4CA9AE21482D /* FilePlayer.cpp */; };
		30E1BDBF38E6402CAC552291 /* NetSend.cpp in Sources */ = {isa = PBXBuildFile; fileRef = 221DC9133A434DF9846F8724 /* NetSend.cpp */; };
		30F5657190B14E2C82A69244 /* b2ChainAndCircleContact.cpp in Sources */ = {isa = PBXBuildFile; fileRef = 167C95C91E47483A8410AEEA /* b2ChainAndCircleContact.cpp */; };
		31D27FCDC33C46EDBE17ADC6 /* b2BlockAllocator.cpp in Sources */ = {isa = PBXBuildFile; fileRef = C45FB2493879425AA1A4E68D /* b2BlockAllocator.cpp */; };
		343DD882A1A946389C15EFF1 /* b2CollidePolygon.cpp in Sources */ = {isa = PBXBuildFile; fileRef = F355A1154BCB4B6092C019EF /* b2CollidePolygon.cpp */; };
		357953DCD8AA469A8AE7FC97 /* b2WorldCallbacks.cpp in Sources */ = {isa = PBXBuildFile; fileRef = C55C915849074B519D4DF740 /* b2WorldCallbacks.cpp */; };
		39E4E11625244F82958F4AEA /* SpeechSynth.cpp in Sources */ = {isa = PBXBuildFile; fileRef = C460111D22254611A58DAFF7 /* SpeechSynth.cpp */; };
		3BFEEDB1FD49444B8909187A /* OscTypes.cpp in Sources */ = {isa = PBXBuildFile; fileRef = BD6F81C4BEF74685B11CEFB9 /* OscTypes.cpp */; };
		3C49E9BA72714C80BA03F42F /* b2CollideCircle.cpp in Sources */ = {isa = PBXBuildFile; fileRef = 0A8F731F84E043E98A4A4C24 /* b2CollideCircle.cpp */; };
		41D356DDDADE43FAB307A45C /* b2Settings.cpp in Sources */ = {isa = PBXBuildFile; fileRef = DB0C34DF82DA46CEA3ED97E1 /* b2Settings.cpp */; };
		45A0AADBEA52483CBA1AFA92 /* Syphon.framework in CopyFiles */ = {isa = PBXBuildFile; fileRef = C3E5E8EB3A9B4E07857166AA /* Syphon.framework */; };
		46D1635DE53D485F8FC458D5 /* NetReceive.cpp in Sources */ = {isa = PBXBuildFile; fileRef = 5F2E679E36CB4630A0A55847 /* NetReceive.cpp */; };
		47DA34A5757F49E2BA1073A4 /* b2FrictionJoint.cpp in Sources */ = {isa = PBXBuildFile; fileRef = 9BFB387ABC3142E1BB111EDB /* b2FrictionJoint.cpp */; };
		49C2563279F148F4A5B8EEC9 /* b2Timer.cpp in Sources */ = {isa = PBXBuildFile; fileRef = B126E0C452A24BF69F723F04 /* b2Timer.cpp */; };
		4B2994E607014F29A5382567 /* b2Body.cpp in Sources */ = {isa = PBXBuildFile; fileRef = 0755B91A87ED489EBE778530 /* b2Body.cpp */; };
		4BC634FC38BA4C579FA7F766 /* OscOutboundPacketStream.cpp in Sources */ = {isa = PBXBuildFile; fileRef = 399F62B009ED4E118D963EDC /* OscOutboundPacketStream.cpp */; };
		4F0CE1E5FB474273A7B0F909 /* Syphon.framework in Frameworks */ = {isa = PBXBuildFile; fileRef = C3E5E8EB3A9B4E07857166AA /* Syphon.framework */; };
		52EF4C2AF6174A23BF08108D /* b2PrismaticJoint.cpp in Sources */ = {isa = PBXBuildFile; fileRef = 071A82E7105D4B8A8543DDAE /* b2PrismaticJoint.cpp */; };
		5323E6B20EAFCA74003A9687 /* CoreVideo.framework in Frameworks */ = {isa = PBXBuildFile; fileRef = 5323E6B10EAFCA74003A9687 /* CoreVideo.framework */; };
		5323E6B60EAFCA7E003A9687 /* QTKit.framework in Frameworks */ = {isa = PBXBuildFile; fileRef = 5323E6B50EAFCA7E003A9687 /* QTKit.framework */; };
		5653E48EE8C24AA491FB0799 /* TPCircularBuffer.cpp in Sources */ = {isa = PBXBuildFile; fileRef = F6B3BB48F76948F59FCC98AC /* TPCircularBuffer.cpp */; };
		58E751B106394C97ACC3C5E5 /* ChormusikApp.cpp in Sources */ = {isa = PBXBuildFile; fileRef = 17FF3EE65DF64C7E81373F2F /* ChormusikApp.cpp */; };
		5ACEC3A9EC75447FAE94A1AE /* b2Fixture.cpp in Sources */ = {isa = PBXBuildFile; fileRef = 20719C437C024C4AB9C5A844 /* b2Fixture.cpp */; };
		5B4948E2AEF148BAAEF79F68 /* b2MouseJoint.cpp in Sources */ = {isa = PBXBuildFile; fileRef = 37F0FB857C904074963F3CA1 /* b2MouseJoint.cpp */; };
		5E723963011847E69DAFCC69 /* OscMessage.cpp in Sources */ = {isa = PBXBuildFile; fileRef = D2986DCE7DCE4820A2B46A1D /* OscMessage.cpp */; };
		66786D7A8A7441AD8BB695F8 /* b2RevoluteJoint.cpp in Sources */ = {isa = PBXBuildFile; fileRef = A40BBFA6005A45D4BDED4DE8 /* b2RevoluteJoint.cpp */; };
		6A7B94FF83E94E3DB80B496F /* syphonServer.mm in Sources */ = {isa = PBXBuildFile; fileRef = 81DA349554DD44AC868EF217 /* syphonServer.mm */; };
		6AD4DD992F344FDF9EB9C4BB /* b2TimeOfImpact.cpp in Sources */ = {isa = PBXBuildFile; fileRef = 68752B6E0A2D458BABA8414D /* b2TimeOfImpact.cpp */; };
		6C8E1623BC694ACB9F4A5805 /* b2RopeJoint.cpp in Sources */ = {isa = PBXBuildFile; fileRef = 43A180C79CB14C2EB58DA206 /* b2RopeJoint.cpp */; };
		6CBFECCA01E64604A4AD7090 /* NetworkingUtils.cpp in Sources */ = {isa = PBXBuildFile; fileRef = A2336814E01A41488DD0EBDB /* NetworkingUtils.cpp */; };
		6FDAE662D1004E4C955ED931 /* OscReceivedElements.cpp in Sources */ = {isa = PBXBuildFile; fileRef = 531B3EFBA9B94D96A04C0BCB /* OscReceivedElements.cpp */; };
		82DC62278E964C7B9DDAB531 /* b2BroadPhase.cpp in Sources */ = {isa = PBXBuildFile; fileRef = 6F74287A09154644B9015850 /* b2BroadPhase.cpp */; };
		8362D5503C434F6DA95E3006 /* b2PolygonAndCircleContact.cpp in Sources */ = {isa = PBXBuildFile; fileRef = 060B34D6074447FD9AAC0D90 /* b2PolygonAndCircleContact.cpp */; };
		85EEC0C95CC14EABB93F73B2 /* b2EdgeAndPolygonContact.cpp in Sources */ = {isa = PBXBuildFile; fileRef = D4B1B634C37744FE83ED3174 /* b2EdgeAndPolygonContact.cpp */; };
		8C386774304C4F0784BAC535 /* b2GearJoint.cpp in Sources */ = {isa = PBXBuildFile; fileRef = 37CCF4C14AF642F1BB668326 /* b2GearJoint.cpp */; };
		8D11072F0486CEB800E47090 /* Cocoa.framework in Frameworks */ = {isa = PBXBuildFile; fileRef = 1058C7A1FEA54F0111CA2CBB /* Cocoa.framework */; };
		8D26966518BF490700E844C4 /* cinder_logo_alpha.png in Resources */ = {isa = PBXBuildFile; fileRef = 8D26966218BF490700E844C4 /* cinder_logo_alpha.png */; };
		8D26966618BF490700E844C4 /* gaussianBlur_frag.glsl in Resources */ = {isa = PBXBuildFile; fileRef = 8D26966318BF490700E844C4 /* gaussianBlur_frag.glsl */; };
		8D26966718BF490700E844C4 /* passThru_vert.glsl in Resources */ = {isa = PBXBuildFile; fileRef = 8D26966418BF490700E844C4 /* passThru_vert.glsl */; };
		8E2D955A4D224091A06B174D /* b2StackAllocator.cpp in Sources */ = {isa = PBXBuildFile; fileRef = D529308834D24C6CAC263A8E /* b2StackAllocator.cpp */; };
		8F4D355801644320AED41573 /* b2ContactManager.cpp in Sources */ = {isa = PBXBuildFile; fileRef = B77F1604331F455FB712D540 /* b2ContactManager.cpp */; };
		92BA5761AA11432099F01A34 /* b2CircleContact.cpp in Sources */ = {isa = PBXBuildFile; fileRef = 0FAFF7F9A9C3454FA59EEEBE /* b2CircleContact.cpp */; };
		95850A37B23841A38CAE482E /* b2CircleShape.cpp in Sources */ = {isa = PBXBuildFile; fileRef = F567A136049B44E181B656D1 /* b2CircleShape.cpp */; };
		96CEE756C55C477993A8504D /* b2ChainAndPolygonContact.cpp in Sources */ = {isa = PBXBuildFile; fileRef = 2975768E01E14FF9B28434BF /* b2ChainAndPolygonContact.cpp */; };
		994BFE552ECD4794836B2307 /* b2Draw.cpp in Sources */ = {isa = PBXBuildFile; fileRef = 48A8AD4D04ED467984002A33 /* b2Draw.cpp */; };
		997491766C174CB5A4EE7C15 /* b2WheelJoint.cpp in Sources */ = {isa = PBXBuildFile; fileRef = 2381A34670544C37A7ABBF64 /* b2WheelJoint.cpp */; };
		A091ECF301A848A9A645A473 /* OscSender.cpp in Sources */ = {isa = PBXBuildFile; fileRef = 2825C35EA4E3408CAD9CD043 /* OscSender.cpp */; };
		A54CE78DC98B491F87339426 /* b2Distance.cpp in Sources */ = {isa = PBXBuildFile; fileRef = 14B0EF0FA92B46AAACA2D0D6 /* b2Distance.cpp */; };
		AA96658E2D104B15A4B4F42C /* GenericUnit.cpp in Sources */ = {isa = PBXBuildFile; fileRef = CA0363000E094AA6B0063B47 /* GenericUnit.cpp */; };
		B3471AAB65914F56AFE9BFCA /* SyphonNameboundClient.m in Sources */ = {isa = PBXBuildFile; fileRef = 405EA3EC3163416AA7C77E14 /* SyphonNameboundClient.m */; };
		B3BD394E1C3141A99217E344 /* b2PolygonShape.cpp in Sources */ = {isa = PBXBuildFile; fileRef = D377B3DCA6534E2BA84F71F9 /* b2PolygonShape.cpp */; };
		B5BF02ED1A4F4675BCA421D8 /* b2Collision.cpp in Sources */ = {isa = PBXBuildFile; fileRef = 8ABC2F95A3B141859555B363 /* b2Collision.cpp */; };
		BDB07D5483944A388F6A24D9 /* b2World.cpp in Sources */ = {isa = PBXBuildFile; fileRef = DE199F3FCB874996BD45D0E5 /* b2World.cpp */; };
		C70F082A4AD04888B6B981AD /* b2Island.cpp in Sources */ = {isa = PBXBuildFile; fileRef = CE71DE2306314ECA8D70EBFF /* b2Island.cpp */; };
		C883F3FB331645928789DA7C /* b2CollideEdge.cpp in Sources */ = {isa = PBXBuildFile; fileRef = 9D6E59D9DF5649C08CBA8C69 /* b2CollideEdge.cpp */; };
		C9ED8FEC3AEC4D249E920C18 /* CoreMidi.framework in Frameworks */ = {isa = PBXBuildFile; fileRef = 2B4B54563B1949D9B2CCED4A /* CoreMidi.framework */; };
		CE89344B189642778E12586E /* b2WeldJoint.cpp in Sources */ = {isa = PBXBuildFile; fileRef = B0BF861879344431A074DBD9 /* b2WeldJoint.cpp */; };
		CEF33FC4699F48E8A81E3B15 /* Mixer.cpp in Sources */ = {isa = PBXBuildFile; fileRef = E73F8C953CF64A689BC86C71 /* Mixer.cpp */; };
		D81134CF5B3749B99723D744 /* b2DistanceJoint.cpp in Sources */ = {isa = PBXBuildFile; fileRef = 000ABD390A1441EF95B7F863 /* b2DistanceJoint.cpp */; };
		E0DB238637304329B8C2B51A /* b2Contact.cpp in Sources */ = {isa = PBXBuildFile; fileRef = A7EA416271154D6795D33739 /* b2Contact.cpp */; };
		E1D101E2501A46439165E7A6 /* b2Rope.cpp in Sources */ = {isa = PBXBuildFile; fileRef = FA0D228C39CD4374BF2225DC /* b2Rope.cpp */; };
		F7C6A532F3A847C8A8D7F16B /* Midi.cpp in Sources */ = {isa = PBXBuildFile; fileRef = 0CC6C85D63324F25A44D15E8 /* Midi.cpp */; };
		F9A6F07E358C4871993DA428 /* CinderApp.icns in Resources */ = {isa = PBXBuildFile; fileRef = 28B4AE1801F14B6CBDE9EB69 /* CinderApp.icns */; };
		FACF913B30F54E9FBD52D079 /* b2EdgeAndCircleContact.cpp in Sources */ = {isa = PBXBuildFile; fileRef = E83AC26E1C974730A4D0474E /* b2EdgeAndCircleContact.cpp */; };
		FAD97353F43D49E0A178A815 /* b2DynamicTree.cpp in Sources */ = {isa = PBXBuildFile; fileRef = D79271C54C8644339668D778 /* b2DynamicTree.cpp */; };
		FB4D17830A9E41D881BF7FD2 /* syphonServerDirectory.mm in Sources */ = {isa = PBXBuildFile; fileRef = 77E91524B8D847C584EC51C8 /* syphonServerDirectory.mm */; };
		FE39091E353944A9BF7B3D01 /* OscListener.cpp in Sources */ = {isa = PBXBuildFile; fileRef = CE0A6C2791D04DF78C3DD74F /* OscListener.cpp */; };
		FFC9A1181BED4669A14B5AFC /* b2PolygonContact.cpp in Sources */ = {isa = PBXBuildFile; fileRef = 9CEAE3B43E9444DB8E7C9B3D /* b2PolygonContact.cpp */; };
/* End PBXBuildFile section */

/* Begin PBXCopyFilesBuildPhase section */
		0AE4CD62C8D045878B108E98 /* CopyFiles */ = {
			isa = PBXCopyFilesBuildPhase;
			buildActionMask = 2147483647;
			dstPath = "";
			dstSubfolderSpec = 10;
			files = (
				45A0AADBEA52483CBA1AFA92 /* Syphon.framework in CopyFiles */,
			);
			runOnlyForDeploymentPostprocessing = 0;
		};
/* End PBXCopyFilesBuildPhase section */

/* Begin PBXFileReference section */
		000ABD390A1441EF95B7F863 /* b2DistanceJoint.cpp */ = {isa = PBXFileReference; lastKnownFileType = sourcecode.c.cpp; name = b2DistanceJoint.cpp; path = ../blocks/Box2D/src/Box2D/Dynamics/Joints/b2DistanceJoint.cpp; sourceTree = "<group>"; };
		0091D8F80E81B9330029341E /* OpenGL.framework */ = {isa = PBXFileReference; lastKnownFileType = wrapper.framework; name = OpenGL.framework; path = /System/Library/Frameworks/OpenGL.framework; sourceTree = "<absolute>"; };
		00B784AF0FF439BC000DE1D7 /* Accelerate.framework */ = {isa = PBXFileReference; lastKnownFileType = wrapper.framework; name = Accelerate.framework; path = System/Library/Frameworks/Accelerate.framework; sourceTree = SDKROOT; };
		00B784B00FF439BC000DE1D7 /* AudioToolbox.framework */ = {isa = PBXFileReference; lastKnownFileType = wrapper.framework; name = AudioToolbox.framework; path = System/Library/Frameworks/AudioToolbox.framework; sourceTree = SDKROOT; };
		00B784B10FF439BC000DE1D7 /* AudioUnit.framework */ = {isa = PBXFileReference; lastKnownFileType = wrapper.framework; name = AudioUnit.framework; path = System/Library/Frameworks/AudioUnit.framework; sourceTree = SDKROOT; };
		00B784B20FF439BC000DE1D7 /* CoreAudio.framework */ = {isa = PBXFileReference; lastKnownFileType = wrapper.framework; name = CoreAudio.framework; path = System/Library/Frameworks/CoreAudio.framework; sourceTree = SDKROOT; };
		017B40CB467F4CD2A510A038 /* OscBundle.cpp */ = {isa = PBXFileReference; lastKnownFileType = sourcecode.c.cpp; name = OscBundle.cpp; path = ../blocks/OSC/src/OscBundle.cpp; sourceTree = "<group>"; };
		0547FFD1E9C54BF887516DB0 /* OscPrintReceivedElements.h */ = {isa = PBXFileReference; lastKnownFileType = sourcecode.c.h; name = OscPrintReceivedElements.h; path = ../blocks/OSC/src/osc/OscPrintReceivedElements.h; sourceTree = "<group>"; };
		060B34D6074447FD9AAC0D90 /* b2PolygonAndCircleContact.cpp */ = {isa = PBXFileReference; lastKnownFileType = sourcecode.c.cpp; name = b2PolygonAndCircleContact.cpp; path = ../blocks/Box2D/src/Box2D/Dynamics/Contacts/b2PolygonAndCircleContact.cpp; sourceTree = "<group>"; };
		0672AFF43C9C4814876569FC /* b2FrictionJoint.h */ = {isa = PBXFileReference; lastKnownFileType = sourcecode.c.h; name = b2FrictionJoint.h; path = ../blocks/Box2D/src/Box2D/Dynamics/Joints/b2FrictionJoint.h; sourceTree = "<group>"; };
		071A82E7105D4B8A8543DDAE /* b2PrismaticJoint.cpp */ = {isa = PBXFileReference; lastKnownFileType = sourcecode.c.cpp; name = b2PrismaticJoint.cpp; path = ../blocks/Box2D/src/Box2D/Dynamics/Joints/b2PrismaticJoint.cpp; sourceTree = "<group>"; };
		0755B91A87ED489EBE778530 /* b2Body.cpp */ = {isa = PBXFileReference; lastKnownFileType = sourcecode.c.cpp; name = b2Body.cpp; path = ../blocks/Box2D/src/Box2D/Dynamics/b2Body.cpp; sourceTree = "<group>"; };
		0A8F731F84E043E98A4A4C24 /* b2CollideCircle.cpp */ = {isa = PBXFileReference; lastKnownFileType = sourcecode.c.cpp; name = b2CollideCircle.cpp; path = ../blocks/Box2D/src/Box2D/Collision/b2CollideCircle.cpp; sourceTree = "<group>"; };
		0CC6C85D63324F25A44D15E8 /* Midi.cpp */ = {isa = PBXFileReference; lastKnownFileType = sourcecode.c.cpp; name = Midi.cpp; path = ../blocks/AudioUnit/src/Midi.cpp; sourceTree = "<group>"; };
		0D56A94783164196ABA8D01A /* NetworkingUtils.h */ = {isa = PBXFileReference; lastKnownFileType = sourcecode.c.h; name = NetworkingUtils.h; path = ../blocks/OSC/src/ip/NetworkingUtils.h; sourceTree = "<group>"; };
		0F1F59CAB85D4286AC154944 /* b2WeldJoint.h */ = {isa = PBXFileReference; lastKnownFileType = sourcecode.c.h; name = b2WeldJoint.h; path = ../blocks/Box2D/src/Box2D/Dynamics/Joints/b2WeldJoint.h; sourceTree = "<group>"; };
		0F57DA781EB344538728C704 /* b2Shape.h */ = {isa = PBXFileReference; lastKnownFileType = sourcecode.c.h; name = b2Shape.h; path = ../blocks/Box2D/src/Box2D/Collision/Shapes/b2Shape.h; sourceTree = "<group>"; };
		0FAFF7F9A9C3454FA59EEEBE /* b2CircleContact.cpp */ = {isa = PBXFileReference; lastKnownFileType = sourcecode.c.cpp; name = b2CircleContact.cpp; path = ../blocks/Box2D/src/Box2D/Dynamics/Contacts/b2CircleContact.cpp; sourceTree = "<group>"; };
		0FE994D64E0844A2BDD038C3 /* OscPacketListener.h */ = {isa = PBXFileReference; lastKnownFileType = sourcecode.c.h; name = OscPacketListener.h; path = ../blocks/OSC/src/osc/OscPacketListener.h; sourceTree = "<group>"; };
		0FF06723100D4476816A1A20 /* b2ChainAndPolygonContact.h */ = {isa = PBXFileReference; lastKnownFileType = sourcecode.c.h; name = b2ChainAndPolygonContact.h; path = ../blocks/Box2D/src/Box2D/Dynamics/Contacts/b2ChainAndPolygonContact.h; sourceTree = "<group>"; };
		1058C7A1FEA54F0111CA2CBB /* Cocoa.framework */ = {isa = PBXFileReference; lastKnownFileType = wrapper.framework; name = Cocoa.framework; path = /System/Library/Frameworks/Cocoa.framework; sourceTree = "<absolute>"; };
		10792100E5B24411A1E51322 /* b2Joint.cpp */ = {isa = PBXFileReference; lastKnownFileType = sourcecode.c.cpp; name = b2Joint.cpp; path = ../blocks/Box2D/src/Box2D/Dynamics/Joints/b2Joint.cpp; sourceTree = "<group>"; };
		14B0EF0FA92B46AAACA2D0D6 /* b2Distance.cpp */ = {isa = PBXFileReference; lastKnownFileType = sourcecode.c.cpp; name = b2Distance.cpp; path = ../blocks/Box2D/src/Box2D/Collision/b2Distance.cpp; sourceTree = "<group>"; };
		167C95C91E47483A8410AEEA /* b2ChainAndCircleContact.cpp */ = {isa = PBXFileReference; lastKnownFileType = sourcecode.c.cpp; name = b2ChainAndCircleContact.cpp; path = ../blocks/Box2D/src/Box2D/Dynamics/Contacts/b2ChainAndCircleContact.cpp; sourceTree = "<group>"; };
		17FF3EE65DF64C7E81373F2F /* ChormusikApp.cpp */ = {isa = PBXFileReference; lastKnownFileType = sourcecode.c.cpp; name = ChormusikApp.cpp; path = ../src/ChormusikApp.cpp; sourceTree = "<group>"; };
		1922396956A44FC4A5B642F4 /* Carbon.framework */ = {isa = PBXFileReference; lastKnownFileType = wrapper.framework; name = Carbon.framework; path = System/Library/Frameworks/Carbon.framework; sourceTree = SDKROOT; };
		2004E9788DB64ECA9696EFD4 /* b2ChainShape.h */ = {isa = PBXFileReference; lastKnownFileType = sourcecode.c.h; name = b2ChainShape.h; path = ../blocks/Box2D/src/Box2D/Collision/Shapes/b2ChainShape.h; sourceTree = "<group>"; };
		20719C437C024C4AB9C5A844 /* b2Fixture.cpp */ = {isa = PBXFileReference; lastKnownFileType = sourcecode.c.cpp; name = b2Fixture.cpp; path = ../blocks/Box2D/src/Box2D/Dynamics/b2Fixture.cpp; sourceTree = "<group>"; };
		21A8D1CA038945968C2A69C5 /* b2WorldCallbacks.h */ = {isa = PBXFileReference; lastKnownFileType = sourcecode.c.h; name = b2WorldCallbacks.h; path = ../blocks/Box2D/src/Box2D/Dynamics/b2WorldCallbacks.h; sourceTree = "<group>"; };
		21F73170D4904B919C5A8584 /* OscTypes.h */ = {isa = PBXFileReference; lastKnownFileType = sourcecode.c.h; name = OscTypes.h; path = ../blocks/OSC/src/osc/OscTypes.h; sourceTree = "<group>"; };
		221DC9133A434DF9846F8724 /* NetSend.cpp */ = {isa = PBXFileReference; lastKnownFileType = sourcecode.c.cpp; name = NetSend.cpp; path = ../blocks/AudioUnit/src/NetSend.cpp; sourceTree = "<group>"; };
		2381A34670544C37A7ABBF64 /* b2WheelJoint.cpp */ = {isa = PBXFileReference; lastKnownFileType = sourcecode.c.cpp; name = b2WheelJoint.cpp; path = ../blocks/Box2D/src/Box2D/Dynamics/Joints/b2WheelJoint.cpp; sourceTree = "<group>"; };
		258DA60F2BEB401E9548E6B8 /* Output.cpp */ = {isa = PBXFileReference; lastKnownFileType = sourcecode.c.cpp; name = Output.cpp; path = ../blocks/AudioUnit/src/Output.cpp; sourceTree = "<group>"; };
		2825C35EA4E3408CAD9CD043 /* OscSender.cpp */ = {isa = PBXFileReference; lastKnownFileType = sourcecode.c.cpp; name = OscSender.cpp; path = ../blocks/OSC/src/OscSender.cpp; sourceTree = "<group>"; };
		28B4AE1801F14B6CBDE9EB69 /* CinderApp.icns */ = {isa = PBXFileReference; lastKnownFileType = image.icns; name = CinderApp.icns; path = ../resources/CinderApp.icns; sourceTree = "<group>"; };
		2975768E01E14FF9B28434BF /* b2ChainAndPolygonContact.cpp */ = {isa = PBXFileReference; lastKnownFileType = sourcecode.c.cpp; name = b2ChainAndPolygonContact.cpp; path = ../blocks/Box2D/src/Box2D/Dynamics/Contacts/b2ChainAndPolygonContact.cpp; sourceTree = "<group>"; };
		29B97324FDCFA39411CA2CEA /* AppKit.framework */ = {isa = PBXFileReference; lastKnownFileType = wrapper.framework; name = AppKit.framework; path = /System/Library/Frameworks/AppKit.framework; sourceTree = "<absolute>"; };
		29B97325FDCFA39411CA2CEA /* Foundation.framework */ = {isa = PBXFileReference; lastKnownFileType = wrapper.framework; name = Foundation.framework; path = /System/Library/Frameworks/Foundation.framework; sourceTree = "<absolute>"; };
		2B10554ED6404D35B9797BB4 /* b2StackAllocator.h */ = {isa = PBXFileReference; lastKnownFileType = sourcecode.c.h; name = b2StackAllocator.h; path = ../blocks/Box2D/src/Box2D/Common/b2StackAllocator.h; sourceTree = "<group>"; };
		2B4B54563B1949D9B2CCED4A /* CoreMidi.framework */ = {isa = PBXFileReference; lastKnownFileType = wrapper.framework; name = CoreMidi.framework; path = System/Library/Frameworks/CoreMidi.framework; sourceTree = SDKROOT; };
		2BE16302682A4B3AB594BB75 /* b2RevoluteJoint.h */ = {isa = PBXFileReference; lastKnownFileType = sourcecode.c.h; name = b2RevoluteJoint.h; path = ../blocks/Box2D/src/Box2D/Dynamics/Joints/b2RevoluteJoint.h; sourceTree = "<group>"; };
		2F574F17081A4C6EB4D09005 /* b2Rope.h */ = {isa = PBXFileReference; lastKnownFileType = sourcecode.c.h; name = b2Rope.h; path = ../blocks/Box2D/src/Box2D/Rope/b2Rope.h; sourceTree = "<group>"; };
		31F7A31392734777B89D9528 /* b2DistanceJoint.h */ = {isa = PBXFileReference; lastKnownFileType = sourcecode.c.h; name = b2DistanceJoint.h; path = ../blocks/Box2D/src/Box2D/Dynamics/Joints/b2DistanceJoint.h; sourceTree = "<group>"; };
		35C706E6ADB8497A84E645E0 /* b2TimeOfImpact.h */ = {isa = PBXFileReference; lastKnownFileType = sourcecode.c.h; name = b2TimeOfImpact.h; path = ../blocks/Box2D/src/Box2D/Collision/b2TimeOfImpact.h; sourceTree = "<group>"; };
		366753BC3A77453DAFFD102C /* TPCircularBuffer.h */ = {isa = PBXFileReference; lastKnownFileType = sourcecode.c.h; name = TPCircularBuffer.h; path = ../blocks/AudioUnit/src/TPCircularBuffer/TPCircularBuffer.h; sourceTree = "<group>"; };
		37CCF4C14AF642F1BB668326 /* b2GearJoint.cpp */ = {isa = PBXFileReference; lastKnownFileType = sourcecode.c.cpp; name = b2GearJoint.cpp; path = ../blocks/Box2D/src/Box2D/Dynamics/Joints/b2GearJoint.cpp; sourceTree = "<group>"; };
		37F0FB857C904074963F3CA1 /* b2MouseJoint.cpp */ = {isa = PBXFileReference; lastKnownFileType = sourcecode.c.cpp; name = b2MouseJoint.cpp; path = ../blocks/Box2D/src/Box2D/Dynamics/Joints/b2MouseJoint.cpp; sourceTree = "<group>"; };
		399F62B009ED4E118D963EDC /* OscOutboundPacketStream.cpp */ = {isa = PBXFileReference; lastKnownFileType = sourcecode.c.cpp; name = OscOutboundPacketStream.cpp; path = ../blocks/OSC/src/osc/OscOutboundPacketStream.cpp; sourceTree = "<group>"; };
		39C7F77F6D304410B0963A98 /* OscReceivedElements.h */ = {isa = PBXFileReference; lastKnownFileType = sourcecode.c.h; name = OscReceivedElements.h; path = ../blocks/OSC/src/osc/OscReceivedElements.h; sourceTree = "<group>"; };
		3C087F7B78B54583873EC1B9 /* b2EdgeShape.h */ = {isa = PBXFileReference; lastKnownFileType = sourcecode.c.h; name = b2EdgeShape.h; path = ../blocks/Box2D/src/Box2D/Collision/Shapes/b2EdgeShape.h; sourceTree = "<group>"; };
		405EA3EC3163416AA7C77E14 /* SyphonNameboundClient.m */ = {isa = PBXFileReference; lastKnownFileType = "\"\""; name = SyphonNameboundClient.m; path = ../blocks/Syphon/lib/SyphonNameboundClient.m; sourceTree = "<group>"; };
		43A180C79CB14C2EB58DA206 /* b2RopeJoint.cpp */ = {isa = PBXFileReference; lastKnownFileType = sourcecode.c.cpp; name = b2RopeJoint.cpp; path = ../blocks/Box2D/src/Box2D/Dynamics/Joints/b2RopeJoint.cpp; sourceTree = "<group>"; };
		48A8AD4D04ED467984002A33 /* b2Draw.cpp */ = {isa = PBXFileReference; lastKnownFileType = sourcecode.c.cpp; name = b2Draw.cpp; path = ../blocks/Box2D/src/Box2D/Common/b2Draw.cpp; sourceTree = "<group>"; };
		4B6B25D191F244BA90CCCB42 /* Tap.cpp */ = {isa = PBXFileReference; lastKnownFileType = sourcecode.c.cpp; name = Tap.cpp; path = ../blocks/AudioUnit/src/Tap.cpp; sourceTree = "<group>"; };
		4F4FA77879B4418F8035BC0D /* b2BroadPhase.h */ = {isa = PBXFileReference; lastKnownFileType = sourcecode.c.h; name = b2BroadPhase.h; path = ../blocks/Box2D/src/Box2D/Collision/b2BroadPhase.h; sourceTree = "<group>"; };
		52B6C939633B495D93AB6CD8 /* b2Contact.h */ = {isa = PBXFileReference; lastKnownFileType = sourcecode.c.h; name = b2Contact.h; path = ../blocks/Box2D/src/Box2D/Dynamics/Contacts/b2Contact.h; sourceTree = "<group>"; };
		531B3EFBA9B94D96A04C0BCB /* OscReceivedElements.cpp */ = {isa = PBXFileReference; lastKnownFileType = sourcecode.c.cpp; name = OscReceivedElements.cpp; path = ../blocks/OSC/src/osc/OscReceivedElements.cpp; sourceTree = "<group>"; };
		5323E6B10EAFCA74003A9687 /* CoreVideo.framework */ = {isa = PBXFileReference; lastKnownFileType = wrapper.framework; name = CoreVideo.framework; path = /System/Library/Frameworks/CoreVideo.framework; sourceTree = "<absolute>"; };
		5323E6B50EAFCA7E003A9687 /* QTKit.framework */ = {isa = PBXFileReference; lastKnownFileType = wrapper.framework; name = QTKit.framework; path = /System/Library/Frameworks/QTKit.framework; sourceTree = "<absolute>"; };
		570FB48DDDCF4629BA48DA93 /* AudioUnitUtils.h */ = {isa = PBXFileReference; lastKnownFileType = sourcecode.c.h; name = AudioUnitUtils.h; path = ../blocks/AudioUnit/src/AudioUnitUtils.h; sourceTree = "<group>"; };
		586C3BD7F96B49CF9F4021F5 /* b2MouseJoint.h */ = {isa = PBXFileReference; lastKnownFileType = sourcecode.c.h; name = b2MouseJoint.h; path = ../blocks/Box2D/src/Box2D/Dynamics/Joints/b2MouseJoint.h; sourceTree = "<group>"; };
		59DDC34870444FB8A7BACCB3 /* b2TimeStep.h */ = {isa = PBXFileReference; lastKnownFileType = sourcecode.c.h; name = b2TimeStep.h; path = ../blocks/Box2D/src/Box2D/Dynamics/b2TimeStep.h; sourceTree = "<group>"; };
		5E303CAA56F04BC180B9AC70 /* UdpSocket.cpp */ = {isa = PBXFileReference; lastKnownFileType = sourcecode.c.cpp; name = UdpSocket.cpp; path = ../blocks/OSC/src/ip/posix/UdpSocket.cpp; sourceTree = "<group>"; };
		5F2E679E36CB4630A0A55847 /* NetReceive.cpp */ = {isa = PBXFileReference; lastKnownFileType = sourcecode.c.cpp; name = NetReceive.cpp; path = ../blocks/AudioUnit/src/NetReceive.cpp; sourceTree = "<group>"; };
		601FA0456248469B9DA1EF04 /* b2EdgeAndCircleContact.h */ = {isa = PBXFileReference; lastKnownFileType = sourcecode.c.h; name = b2EdgeAndCircleContact.h; path = ../blocks/Box2D/src/Box2D/Dynamics/Contacts/b2EdgeAndCircleContact.h; sourceTree = "<group>"; };
		61F8ECF750F44F4CB316D140 /* b2Fixture.h */ = {isa = PBXFileReference; lastKnownFileType = sourcecode.c.h; name = b2Fixture.h; path = ../blocks/Box2D/src/Box2D/Dynamics/b2Fixture.h; sourceTree = "<group>"; };
		61F9FA32DCC4443493BAB9EB /* b2Math.h */ = {isa = PBXFileReference; lastKnownFileType = sourcecode.c.h; name = b2Math.h; path = ../blocks/Box2D/src/Box2D/Common/b2Math.h; sourceTree = "<group>"; };
		62DCD508AA4A43CABE588904 /* CoreAudioKit.framework */ = {isa = PBXFileReference; lastKnownFileType = wrapper.framework; name = CoreAudioKit.framework; path = System/Library/Frameworks/CoreAudioKit.framework; sourceTree = SDKROOT; };
		650EE21503274572B60C7CDE /* OscArg.h */ = {isa = PBXFileReference; lastKnownFileType = sourcecode.c.h; name = OscArg.h; path = ../blocks/OSC/src/OscArg.h; sourceTree = "<group>"; };
		65BD264BC34A405CBBE2A53F /* b2ChainShape.cpp */ = {isa = PBXFileReference; lastKnownFileType = sourcecode.c.cpp; name = b2ChainShape.cpp; path = ../blocks/Box2D/src/Box2D/Collision/Shapes/b2ChainShape.cpp; sourceTree = "<group>"; };
		65FAD8FCE75E48DFAFC20788 /* b2EdgeShape.cpp */ = {isa = PBXFileReference; lastKnownFileType = sourcecode.c.cpp; name = b2EdgeShape.cpp; path = ../blocks/Box2D/src/Box2D/Collision/Shapes/b2EdgeShape.cpp; sourceTree = "<group>"; };
		6788326F95FE4E06A5B3180F /* Resources.h */ = {isa = PBXFileReference; lastKnownFileType = sourcecode.c.h; name = Resources.h; path = ../include/Resources.h; sourceTree = "<group>"; };
		68752B6E0A2D458BABA8414D /* b2TimeOfImpact.cpp */ = {isa = PBXFileReference; lastKnownFileType = sourcecode.c.cpp; name = b2TimeOfImpact.cpp; path = ../blocks/Box2D/src/Box2D/Collision/b2TimeOfImpact.cpp; sourceTree = "<group>"; };
		6D3BAD46FB8A415098C0E274 /* b2EdgeAndPolygonContact.h */ = {isa = PBXFileReference; lastKnownFileType = sourcecode.c.h; name = b2EdgeAndPolygonContact.h; path = ../blocks/Box2D/src/Box2D/Dynamics/Contacts/b2EdgeAndPolygonContact.h; sourceTree = "<group>"; };
		6F74287A09154644B9015850 /* b2BroadPhase.cpp */ = {isa = PBXFileReference; lastKnownFileType = sourcecode.c.cpp; name = b2BroadPhase.cpp; path = ../blocks/Box2D/src/Box2D/Collision/b2BroadPhase.cpp; sourceTree = "<group>"; };
		777290D8C8044EA49D1E7503 /* b2Settings.h */ = {isa = PBXFileReference; lastKnownFileType = sourcecode.c.h; name = b2Settings.h; path = ../blocks/Box2D/src/Box2D/Common/b2Settings.h; sourceTree = "<group>"; };
		77E91524B8D847C584EC51C8 /* syphonServerDirectory.mm */ = {isa = PBXFileReference; lastKnownFileType = sourcecode.cpp.objcpp; name = syphonServerDirectory.mm; path = ../blocks/Syphon/src/syphonServerDirectory.mm; sourceTree = "<group>"; };
		78CAA87F2F7D426C89958BBA /* Input.cpp */ = {isa = PBXFileReference; lastKnownFileType = sourcecode.c.cpp; name = Input.cpp; path = ../blocks/AudioUnit/src/Input.cpp; sourceTree = "<group>"; };
		7A3AE532636C4A0B98EC5ED1 /* Box2d.h */ = {isa = PBXFileReference; lastKnownFileType = sourcecode.c.h; name = Box2d.h; path = ../blocks/Box2D/src/Box2D/Box2d.h; sourceTree = "<group>"; };
		7A3F67F48CF44B48A0D06732 /* b2PolygonContact.h */ = {isa = PBXFileReference; lastKnownFileType = sourcecode.c.h; name = b2PolygonContact.h; path = ../blocks/Box2D/src/Box2D/Dynamics/Contacts/b2PolygonContact.h; sourceTree = "<group>"; };
		809C0836C9C94ABB825D916A /* b2ContactManager.h */ = {isa = PBXFileReference; lastKnownFileType = sourcecode.c.h; name = b2ContactManager.h; path = ../blocks/Box2D/src/Box2D/Dynamics/b2ContactManager.h; sourceTree = "<group>"; };
		81DA349554DD44AC868EF217 /* syphonServer.mm */ = {isa = PBXFileReference; lastKnownFileType = sourcecode.cpp.objcpp; name = syphonServer.mm; path = ../blocks/Syphon/src/syphonServer.mm; sourceTree = "<group>"; };
		8549DC0677364954A2F4CB75 /* b2ContactSolver.cpp */ = {isa = PBXFileReference; lastKnownFileType = sourcecode.c.cpp; name = b2ContactSolver.cpp; path = ../blocks/Box2D/src/Box2D/Dynamics/Contacts/b2ContactSolver.cpp; sourceTree = "<group>"; };
		89E032DC60FE4F9982D4AF30 /* b2Collision.h */ = {isa = PBXFileReference; lastKnownFileType = sourcecode.c.h; name = b2Collision.h; path = ../blocks/Box2D/src/Box2D/Collision/b2Collision.h; sourceTree = "<group>"; };
		8A4EBAE904C04E4BA546F593 /* syphonServerDirectory.h */ = {isa = PBXFileReference; lastKnownFileType = sourcecode.c.h; name = syphonServerDirectory.h; path = ../blocks/Syphon/src/syphonServerDirectory.h; sourceTree = "<group>"; };
		8ABC2F95A3B141859555B363 /* b2Collision.cpp */ = {isa = PBXFileReference; lastKnownFileType = sourcecode.c.cpp; name = b2Collision.cpp; path = ../blocks/Box2D/src/Box2D/Collision/b2Collision.cpp; sourceTree = "<group>"; };
		8AC2E3E3BBD449E48ED83D0E /* OscMessage.h */ = {isa = PBXFileReference; lastKnownFileType = sourcecode.c.h; name = OscMessage.h; path = ../blocks/OSC/src/OscMessage.h; sourceTree = "<group>"; };
		8ACF150A1B924EC0BAD8989C /* AudioUnitTypes.h */ = {isa = PBXFileReference; lastKnownFileType = sourcecode.c.h; name = AudioUnitTypes.h; path = ../blocks/AudioUnit/src/AudioUnitTypes.h; sourceTree = "<group>"; };
		8CB270296F1C438BB1C142E4 /* b2ContactSolver.h */ = {isa = PBXFileReference; lastKnownFileType = sourcecode.c.h; name = b2ContactSolver.h; path = ../blocks/Box2D/src/Box2D/Dynamics/Contacts/b2ContactSolver.h; sourceTree = "<group>"; };
		8D1107320486CEB800E47090 /* Chormusik.app */ = {isa = PBXFileReference; explicitFileType = wrapper.application; includeInIndex = 0; path = Chormusik.app; sourceTree = BUILT_PRODUCTS_DIR; };
		8D26966218BF490700E844C4 /* cinder_logo_alpha.png */ = {isa = PBXFileReference; lastKnownFileType = image.png; path = cinder_logo_alpha.png; sourceTree = "<group>"; };
		8D26966318BF490700E844C4 /* gaussianBlur_frag.glsl */ = {isa = PBXFileReference; fileEncoding = 4; lastKnownFileType = text; path = gaussianBlur_frag.glsl; sourceTree = "<group>"; };
		8D26966418BF490700E844C4 /* passThru_vert.glsl */ = {isa = PBXFileReference; fileEncoding = 4; lastKnownFileType = text; path = passThru_vert.glsl; sourceTree = "<group>"; };
		8D59C07A3A8441A18FA9B185 /* b2Math.cpp */ = {isa = PBXFileReference; lastKnownFileType = sourcecode.c.cpp; name = b2Math.cpp; path = ../blocks/Box2D/src/Box2D/Common/b2Math.cpp; sourceTree = "<group>"; };
		8D65A0C39EB54B99A269AE95 /* b2PolygonAndCircleContact.h */ = {isa = PBXFileReference; lastKnownFileType = sourcecode.c.h; name = b2PolygonAndCircleContact.h; path = ../blocks/Box2D/src/Box2D/Dynamics/Contacts/b2PolygonAndCircleContact.h; sourceTree = "<group>"; };
		8EE945E8C7CB4C748F8C1FAB /* IpEndpointName.cpp */ = {isa = PBXFileReference; lastKnownFileType = sourcecode.c.cpp; name = IpEndpointName.cpp; path = ../blocks/OSC/src/ip/IpEndpointName.cpp; sourceTree = "<group>"; };
		9275CF60E11D41A3A8AD1CC8 /* UdpSocket.h */ = {isa = PBXFileReference; lastKnownFileType = sourcecode.c.h; name = UdpSocket.h; path = ../blocks/OSC/src/ip/UdpSocket.h; sourceTree = "<group>"; };
		97DF956D9BAC4F59BEDD69BC /* SyphonNameboundClient.h */ = {isa = PBXFileReference; lastKnownFileType = sourcecode.c.h; name = SyphonNameboundClient.h; path = ../blocks/Syphon/lib/SyphonNameboundClient.h; sourceTree = "<group>"; };
		9BFB387ABC3142E1BB111EDB /* b2FrictionJoint.cpp */ = {isa = PBXFileReference; lastKnownFileType = sourcecode.c.cpp; name = b2FrictionJoint.cpp; path = ../blocks/Box2D/src/Box2D/Dynamics/Joints/b2FrictionJoint.cpp; sourceTree = "<group>"; };
		9CEAE3B43E9444DB8E7C9B3D /* b2PolygonContact.cpp */ = {isa = PBXFileReference; lastKnownFileType = sourcecode.c.cpp; name = b2PolygonContact.cpp; path = ../blocks/Box2D/src/Box2D/Dynamics/Contacts/b2PolygonContact.cpp; sourceTree = "<group>"; };
		9CF4126494A449EBB8D590C4 /* OscHostEndianness.h */ = {isa = PBXFileReference; lastKnownFileType = sourcecode.c.h; name = OscHostEndianness.h; path = ../blocks/OSC/src/osc/OscHostEndianness.h; sourceTree = "<group>"; };
		9D1FCA0F0C02426EA6E2B182 /* MessageMappingOscPacketListener.h */ = {isa = PBXFileReference; lastKnownFileType = sourcecode.c.h; name = MessageMappingOscPacketListener.h; path = ../blocks/OSC/src/osc/MessageMappingOscPacketListener.h; sourceTree = "<group>"; };
		9D6E59D9DF5649C08CBA8C69 /* b2CollideEdge.cpp */ = {isa = PBXFileReference; lastKnownFileType = sourcecode.c.cpp; name = b2CollideEdge.cpp; path = ../blocks/Box2D/src/Box2D/Collision/b2CollideEdge.cpp; sourceTree = "<group>"; };
		9FA1CDF1594147CC93943B27 /* IpEndpointName.h */ = {isa = PBXFileReference; lastKnownFileType = sourcecode.c.h; name = IpEndpointName.h; path = ../blocks/OSC/src/ip/IpEndpointName.h; sourceTree = "<group>"; };
		A2336814E01A41488DD0EBDB /* NetworkingUtils.cpp */ = {isa = PBXFileReference; lastKnownFileType = sourcecode.c.cpp; name = NetworkingUtils.cpp; path = ../blocks/OSC/src/ip/posix/NetworkingUtils.cpp; sourceTree = "<group>"; };
		A39FB26387F34242889A0C14 /* b2RopeJoint.h */ = {isa = PBXFileReference; lastKnownFileType = sourcecode.c.h; name = b2RopeJoint.h; path = ../blocks/Box2D/src/Box2D/Dynamics/Joints/b2RopeJoint.h; sourceTree = "<group>"; };
		A3FED4AB81B047D4A69B6BDF /* AudioUnitMidi.h */ = {isa = PBXFileReference; lastKnownFileType = sourcecode.c.h; name = AudioUnitMidi.h; path = ../blocks/AudioUnit/src/AudioUnitMidi.h; sourceTree = "<group>"; };
		A40BBFA6005A45D4BDED4DE8 /* b2RevoluteJoint.cpp */ = {isa = PBXFileReference; lastKnownFileType = sourcecode.c.cpp; name = b2RevoluteJoint.cpp; path = ../blocks/Box2D/src/Box2D/Dynamics/Joints/b2RevoluteJoint.cpp; sourceTree = "<group>"; };
		A471BD8BF31D4CA9AE21482D /* FilePlayer.cpp */ = {isa = PBXFileReference; lastKnownFileType = sourcecode.c.cpp; name = FilePlayer.cpp; path = ../blocks/AudioUnit/src/FilePlayer.cpp; sourceTree = "<group>"; };
		A79FC884DB8342E690C2D4E7 /* b2GearJoint.h */ = {isa = PBXFileReference; lastKnownFileType = sourcecode.c.h; name = b2GearJoint.h; path = ../blocks/Box2D/src/Box2D/Dynamics/Joints/b2GearJoint.h; sourceTree = "<group>"; };
		A7EA416271154D6795D33739 /* b2Contact.cpp */ = {isa = PBXFileReference; lastKnownFileType = sourcecode.c.cpp; name = b2Contact.cpp; path = ../blocks/Box2D/src/Box2D/Dynamics/Contacts/b2Contact.cpp; sourceTree = "<group>"; };
		ACF18E5330804142A964FBEB /* b2PrismaticJoint.h */ = {isa = PBXFileReference; lastKnownFileType = sourcecode.c.h; name = b2PrismaticJoint.h; path = ../blocks/Box2D/src/Box2D/Dynamics/Joints/b2PrismaticJoint.h; sourceTree = "<group>"; };
		B0BF861879344431A074DBD9 /* b2WeldJoint.cpp */ = {isa = PBXFileReference; lastKnownFileType = sourcecode.c.cpp; name = b2WeldJoint.cpp; path = ../blocks/Box2D/src/Box2D/Dynamics/Joints/b2WeldJoint.cpp; sourceTree = "<group>"; };
		B126E0C452A24BF69F723F04 /* b2Timer.cpp */ = {isa = PBXFileReference; lastKnownFileType = sourcecode.c.cpp; name = b2Timer.cpp; path = ../blocks/Box2D/src/Box2D/Common/b2Timer.cpp; sourceTree = "<group>"; };
		B72EAEE5CFC04E4097C95671 /* b2WheelJoint.h */ = {isa = PBXFileReference; lastKnownFileType = sourcecode.c.h; name = b2WheelJoint.h; path = ../blocks/Box2D/src/Box2D/Dynamics/Joints/b2WheelJoint.h; sourceTree = "<group>"; };
		B77F1604331F455FB712D540 /* b2ContactManager.cpp */ = {isa = PBXFileReference; lastKnownFileType = sourcecode.c.cpp; name = b2ContactManager.cpp; path = ../blocks/Box2D/src/Box2D/Dynamics/b2ContactManager.cpp; sourceTree = "<group>"; };
		B898B339910C4E8EA21CF56D /* b2GrowableStack.h */ = {isa = PBXFileReference; lastKnownFileType = sourcecode.c.h; name = b2GrowableStack.h; path = ../blocks/Box2D/src/Box2D/Common/b2GrowableStack.h; sourceTree = "<group>"; };
		B8B30468DAA546AE9EA52593 /* GUI.mm */ = {isa = PBXFileReference; lastKnownFileType = sourcecode.cpp.objcpp; name = GUI.mm; path = ../blocks/AudioUnit/src/GUI.mm; sourceTree = "<group>"; };
		BA65EF80FA284597BA4EED6C /* b2Draw.h */ = {isa = PBXFileReference; lastKnownFileType = sourcecode.c.h; name = b2Draw.h; path = ../blocks/Box2D/src/Box2D/Common/b2Draw.h; sourceTree = "<group>"; };
		BABAAC20893D42E2B2E586D1 /* b2Island.h */ = {isa = PBXFileReference; lastKnownFileType = sourcecode.c.h; name = b2Island.h; path = ../blocks/Box2D/src/Box2D/Dynamics/b2Island.h; sourceTree = "<group>"; };
		BBB4B7380B9F46E39243FE7D /* OscBundle.h */ = {isa = PBXFileReference; lastKnownFileType = sourcecode.c.h; name = OscBundle.h; path = ../blocks/OSC/src/OscBundle.h; sourceTree = "<group>"; };
		BD6F81C4BEF74685B11CEFB9 /* OscTypes.cpp */ = {isa = PBXFileReference; lastKnownFileType = sourcecode.c.cpp; name = OscTypes.cpp; path = ../blocks/OSC/src/osc/OscTypes.cpp; sourceTree = "<group>"; };
		BE7D5338A8A844F1A328F5E1 /* b2World.h */ = {isa = PBXFileReference; lastKnownFileType = sourcecode.c.h; name = b2World.h; path = ../blocks/Box2D/src/Box2D/Dynamics/b2World.h; sourceTree = "<group>"; };
		BECC2419C19C4AAF9AECA265 /* OscOutboundPacketStream.h */ = {isa = PBXFileReference; lastKnownFileType = sourcecode.c.h; name = OscOutboundPacketStream.h; path = ../blocks/OSC/src/osc/OscOutboundPacketStream.h; sourceTree = "<group>"; };
		C095AD9F11AA4ED8AA1454ED /* b2ChainAndCircleContact.h */ = {isa = PBXFileReference; lastKnownFileType = sourcecode.c.h; name = b2ChainAndCircleContact.h; path = ../blocks/Box2D/src/Box2D/Dynamics/Contacts/b2ChainAndCircleContact.h; sourceTree = "<group>"; };
		C3E5E8EB3A9B4E07857166AA /* Syphon.framework */ = {isa = PBXFileReference; lastKnownFileType = wrapper.framework; name = Syphon.framework; path = ../blocks/Syphon/lib/Syphon.framework; sourceTree = "<group>"; };
		C4055D62B34041B39F70DED2 /* b2DynamicTree.h */ = {isa = PBXFileReference; lastKnownFileType = sourcecode.c.h; name = b2DynamicTree.h; path = ../blocks/Box2D/src/Box2D/Collision/b2DynamicTree.h; sourceTree = "<group>"; };
		C45FB2493879425AA1A4E68D /* b2BlockAllocator.cpp */ = {isa = PBXFileReference; lastKnownFileType = sourcecode.c.cpp; name = b2BlockAllocator.cpp; path = ../blocks/Box2D/src/Box2D/Common/b2BlockAllocator.cpp; sourceTree = "<group>"; };
		C460111D22254611A58DAFF7 /* SpeechSynth.cpp */ = {isa = PBXFileReference; lastKnownFileType = sourcecode.c.cpp; name = SpeechSynth.cpp; path = ../blocks/AudioUnit/src/SpeechSynth.cpp; sourceTree = "<group>"; };
		C515600634A641C6AFBFE201 /* OscListener.h */ = {isa = PBXFileReference; lastKnownFileType = sourcecode.c.h; name = OscListener.h; path = ../blocks/OSC/src/OscListener.h; sourceTree = "<group>"; };
		C55C915849074B519D4DF740 /* b2WorldCallbacks.cpp */ = {isa = PBXFileReference; lastKnownFileType = sourcecode.c.cpp; name = b2WorldCallbacks.cpp; path = ../blocks/Box2D/src/Box2D/Dynamics/b2WorldCallbacks.cpp; sourceTree = "<group>"; };
		C5F24305D26D40ECAF2C943E /* PacketListener.h */ = {isa = PBXFileReference; lastKnownFileType = sourcecode.c.h; name = PacketListener.h; path = ../blocks/OSC/src/ip/PacketListener.h; sourceTree = "<group>"; };
		C6F4F470F577447E8F89CC99 /* TimerListener.h */ = {isa = PBXFileReference; lastKnownFileType = sourcecode.c.h; name = TimerListener.h; path = ../blocks/OSC/src/ip/TimerListener.h; sourceTree = "<group>"; };
		C7D6210A712B42F2B94A92F4 /* cinderSyphon.h */ = {isa = PBXFileReference; lastKnownFileType = sourcecode.c.h; name = cinderSyphon.h; path = ../blocks/Syphon/src/cinderSyphon.h; sourceTree = "<group>"; };
		C87BB4162E3140CE96D58B36 /* AudioUnitTap.h */ = {isa = PBXFileReference; lastKnownFileType = sourcecode.c.h; name = AudioUnitTap.h; path = ../blocks/AudioUnit/src/AudioUnitTap.h; sourceTree = "<group>"; };
		CA0363000E094AA6B0063B47 /* GenericUnit.cpp */ = {isa = PBXFileReference; lastKnownFileType = sourcecode.c.cpp; name = GenericUnit.cpp; path = ../blocks/AudioUnit/src/GenericUnit.cpp; sourceTree = "<group>"; };
		CC1F9E4381C54612AE66ECAE /* b2Timer.h */ = {isa = PBXFileReference; lastKnownFileType = sourcecode.c.h; name = b2Timer.h; path = ../blocks/Box2D/src/Box2D/Common/b2Timer.h; sourceTree = "<group>"; };
		CD241930F0C844388CA18FC7 /* Chormusik_Prefix.pch */ = {isa = PBXFileReference; lastKnownFileType = "\"\""; path = Chormusik_Prefix.pch; sourceTree = "<group>"; };
		CE0A6C2791D04DF78C3DD74F /* OscListener.cpp */ = {isa = PBXFileReference; lastKnownFileType = sourcecode.c.cpp; name = OscListener.cpp; path = ../blocks/OSC/src/OscListener.cpp; sourceTree = "<group>"; };
		CE0FF43A403C40B6BCC21E60 /* b2PolygonShape.h */ = {isa = PBXFileReference; lastKnownFileType = sourcecode.c.h; name = b2PolygonShape.h; path = ../blocks/Box2D/src/Box2D/Collision/Shapes/b2PolygonShape.h; sourceTree = "<group>"; };
		CE71DE2306314ECA8D70EBFF /* b2Island.cpp */ = {isa = PBXFileReference; lastKnownFileType = sourcecode.c.cpp; name = b2Island.cpp; path = ../blocks/Box2D/src/Box2D/Dynamics/b2Island.cpp; sourceTree = "<group>"; };
		D0830D25F54845EF88AA3081 /* syphonServer.h */ = {isa = PBXFileReference; lastKnownFileType = sourcecode.c.h; name = syphonServer.h; path = ../blocks/Syphon/src/syphonServer.h; sourceTree = "<group>"; };
		D2986DCE7DCE4820A2B46A1D /* OscMessage.cpp */ = {isa = PBXFileReference; lastKnownFileType = sourcecode.c.cpp; name = OscMessage.cpp; path = ../blocks/OSC/src/OscMessage.cpp; sourceTree = "<group>"; };
		D377B3DCA6534E2BA84F71F9 /* b2PolygonShape.cpp */ = {isa = PBXFileReference; lastKnownFileType = sourcecode.c.cpp; name = b2PolygonShape.cpp; path = ../blocks/Box2D/src/Box2D/Collision/Shapes/b2PolygonShape.cpp; sourceTree = "<group>"; };
		D4B1B634C37744FE83ED3174 /* b2EdgeAndPolygonContact.cpp */ = {isa = PBXFileReference; lastKnownFileType = sourcecode.c.cpp; name = b2EdgeAndPolygonContact.cpp; path = ../blocks/Box2D/src/Box2D/Dynamics/Contacts/b2EdgeAndPolygonContact.cpp; sourceTree = "<group>"; };
		D529308834D24C6CAC263A8E /* b2StackAllocator.cpp */ = {isa = PBXFileReference; lastKnownFileType = sourcecode.c.cpp; name = b2StackAllocator.cpp; path = ../blocks/Box2D/src/Box2D/Common/b2StackAllocator.cpp; sourceTree = "<group>"; };
		D79271C54C8644339668D778 /* b2DynamicTree.cpp */ = {isa = PBXFileReference; lastKnownFileType = sourcecode.c.cpp; name = b2DynamicTree.cpp; path = ../blocks/Box2D/src/Box2D/Collision/b2DynamicTree.cpp; sourceTree = "<group>"; };
		D7D3BC6090A2411F8589B4EA /* OscPrintReceivedElements.cpp */ = {isa = PBXFileReference; lastKnownFileType = sourcecode.c.cpp; name = OscPrintReceivedElements.cpp; path = ../blocks/OSC/src/osc/OscPrintReceivedElements.cpp; sourceTree = "<group>"; };
		DAEC5C1478D94593B7284A73 /* b2Body.h */ = {isa = PBXFileReference; lastKnownFileType = sourcecode.c.h; name = b2Body.h; path = ../blocks/Box2D/src/Box2D/Dynamics/b2Body.h; sourceTree = "<group>"; };
		DB0C34DF82DA46CEA3ED97E1 /* b2Settings.cpp */ = {isa = PBXFileReference; lastKnownFileType = sourcecode.c.cpp; name = b2Settings.cpp; path = ../blocks/Box2D/src/Box2D/Common/b2Settings.cpp; sourceTree = "<group>"; };
		DBFD319C0D934B189CAA021C /* GenericUnit.h */ = {isa = PBXFileReference; lastKnownFileType = sourcecode.c.h; name = GenericUnit.h; path = ../blocks/AudioUnit/src/GenericUnit.h; sourceTree = "<group>"; };
		DCF1D7CF7ACF47528614F979 /* b2BlockAllocator.h */ = {isa = PBXFileReference; lastKnownFileType = sourcecode.c.h; name = b2BlockAllocator.h; path = ../blocks/Box2D/src/Box2D/Common/b2BlockAllocator.h; sourceTree = "<group>"; };
		DE199F3FCB874996BD45D0E5 /* b2World.cpp */ = {isa = PBXFileReference; lastKnownFileType = sourcecode.c.cpp; name = b2World.cpp; path = ../blocks/Box2D/src/Box2D/Dynamics/b2World.cpp; sourceTree = "<group>"; };
		E31494E901C04186B910DACC /* b2CircleShape.h */ = {isa = PBXFileReference; lastKnownFileType = sourcecode.c.h; name = b2CircleShape.h; path = ../blocks/Box2D/src/Box2D/Collision/Shapes/b2CircleShape.h; sourceTree = "<group>"; };
		E4B68B04A49D45D48D815354 /* syphonClient.mm */ = {isa = PBXFileReference; lastKnownFileType = sourcecode.cpp.objcpp; name = syphonClient.mm; path = ../blocks/Syphon/src/syphonClient.mm; sourceTree = "<group>"; };
		E58D176DF2DF427786D9CA71 /* b2PulleyJoint.cpp */ = {isa = PBXFileReference; lastKnownFileType = sourcecode.c.cpp; name = b2PulleyJoint.cpp; path = ../blocks/Box2D/src/Box2D/Dynamics/Joints/b2PulleyJoint.cpp; sourceTree = "<group>"; };
		E73F8C953CF64A689BC86C71 /* Mixer.cpp */ = {isa = PBXFileReference; lastKnownFileType = sourcecode.c.cpp; name = Mixer.cpp; path = ../blocks/AudioUnit/src/Mixer.cpp; sourceTree = "<group>"; };
		E83AC26E1C974730A4D0474E /* b2EdgeAndCircleContact.cpp */ = {isa = PBXFileReference; lastKnownFileType = sourcecode.c.cpp; name = b2EdgeAndCircleContact.cpp; path = ../blocks/Box2D/src/Box2D/Dynamics/Contacts/b2EdgeAndCircleContact.cpp; sourceTree = "<group>"; };
		E9F726F3A6134E12A8ED8E52 /* Sampler.cpp */ = {isa = PBXFileReference; lastKnownFileType = sourcecode.c.cpp; name = Sampler.cpp; path = ../blocks/AudioUnit/src/Sampler.cpp; sourceTree = "<group>"; };
		EA13FD915E2D4D8FBBB38586 /* b2CircleContact.h */ = {isa = PBXFileReference; lastKnownFileType = sourcecode.c.h; name = b2CircleContact.h; path = ../blocks/Box2D/src/Box2D/Dynamics/Contacts/b2CircleContact.h; sourceTree = "<group>"; };
		EA8BA1200BD14B0F81906F81 /* b2Joint.h */ = {isa = PBXFileReference; lastKnownFileType = sourcecode.c.h; name = b2Joint.h; path = ../blocks/Box2D/src/Box2D/Dynamics/Joints/b2Joint.h; sourceTree = "<group>"; };
		EAA2746E07E34C6CA8D94B17 /* b2PulleyJoint.h */ = {isa = PBXFileReference; lastKnownFileType = sourcecode.c.h; name = b2PulleyJoint.h; path = ../blocks/Box2D/src/Box2D/Dynamics/Joints/b2PulleyJoint.h; sourceTree = "<group>"; };
		ED583C1FA1564D1EB400B87F /* GenericUnitSubclasses.h */ = {isa = PBXFileReference; lastKnownFileType = sourcecode.c.h; name = GenericUnitSubclasses.h; path = ../blocks/AudioUnit/src/GenericUnitSubclasses.h; sourceTree = "<group>"; };
		EDB9DF05E700464E8DCBCE22 /* Info.plist */ = {isa = PBXFileReference; lastKnownFileType = text.plist.xml; path = Info.plist; sourceTree = "<group>"; };
		F355A1154BCB4B6092C019EF /* b2CollidePolygon.cpp */ = {isa = PBXFileReference; lastKnownFileType = sourcecode.c.cpp; name = b2CollidePolygon.cpp; path = ../blocks/Box2D/src/Box2D/Collision/b2CollidePolygon.cpp; sourceTree = "<group>"; };
		F4476F78FEB941CBBE6C5CC5 /* OscException.h */ = {isa = PBXFileReference; lastKnownFileType = sourcecode.c.h; name = OscException.h; path = ../blocks/OSC/src/osc/OscException.h; sourceTree = "<group>"; };
		F4583C753AB743C4ABB6395C /* OscSender.h */ = {isa = PBXFileReference; lastKnownFileType = sourcecode.c.h; name = OscSender.h; path = ../blocks/OSC/src/OscSender.h; sourceTree = "<group>"; };
		F567A136049B44E181B656D1 /* b2CircleShape.cpp */ = {isa = PBXFileReference; lastKnownFileType = sourcecode.c.cpp; name = b2CircleShape.cpp; path = ../blocks/Box2D/src/Box2D/Collision/Shapes/b2CircleShape.cpp; sourceTree = "<group>"; };
		F6B3BB48F76948F59FCC98AC /* TPCircularBuffer.cpp */ = {isa = PBXFileReference; lastKnownFileType = sourcecode.c.cpp; name = TPCircularBuffer.cpp; path = ../blocks/AudioUnit/src/TPCircularBuffer/TPCircularBuffer.cpp; sourceTree = "<group>"; };
		FA0D228C39CD4374BF2225DC /* b2Rope.cpp */ = {isa = PBXFileReference; lastKnownFileType = sourcecode.c.cpp; name = b2Rope.cpp; path = ../blocks/Box2D/src/Box2D/Rope/b2Rope.cpp; sourceTree = "<group>"; };
		FA67A89A38FE4C6AB950D552 /* AudioUnit.h */ = {isa = PBXFileReference; lastKnownFileType = sourcecode.c.h; name = AudioUnit.h; path = ../blocks/AudioUnit/include/AudioUnit.h; sourceTree = "<group>"; };
		FD690B2D7989416F8D9401FF /* syphonClient.h */ = {isa = PBXFileReference; lastKnownFileType = sourcecode.c.h; name = syphonClient.h; path = ../blocks/Syphon/src/syphonClient.h; sourceTree = "<group>"; };
		FEDF3ADAD07848D099FDB9DE /* b2Distance.h */ = {isa = PBXFileReference; lastKnownFileType = sourcecode.c.h; name = b2Distance.h; path = ../blocks/Box2D/src/Box2D/Collision/b2Distance.h; sourceTree = "<group>"; };
/* End PBXFileReference section */

/* Begin PBXFrameworksBuildPhase section */
		8D11072E0486CEB800E47090 /* Frameworks */ = {
			isa = PBXFrameworksBuildPhase;
			buildActionMask = 2147483647;
			files = (
				8D11072F0486CEB800E47090 /* Cocoa.framework in Frameworks */,
				0091D8F90E81B9330029341E /* OpenGL.framework in Frameworks */,
				5323E6B20EAFCA74003A9687 /* CoreVideo.framework in Frameworks */,
				5323E6B60EAFCA7E003A9687 /* QTKit.framework in Frameworks */,
				00B784B30FF439BC000DE1D7 /* Accelerate.framework in Frameworks */,
				00B784B40FF439BC000DE1D7 /* AudioToolbox.framework in Frameworks */,
				00B784B50FF439BC000DE1D7 /* AudioUnit.framework in Frameworks */,
				00B784B60FF439BC000DE1D7 /* CoreAudio.framework in Frameworks */,
				15CADB3E4D53453CBDBEBAF8 /* Carbon.framework in Frameworks */,
				0F9E2ED5C6D94EE68102F0CE /* CoreAudioKit.framework in Frameworks */,
				C9ED8FEC3AEC4D249E920C18 /* CoreMidi.framework in Frameworks */,
				4F0CE1E5FB474273A7B0F909 /* Syphon.framework in Frameworks */,
			);
			runOnlyForDeploymentPostprocessing = 0;
		};
/* End PBXFrameworksBuildPhase section */

/* Begin PBXGroup section */
		01358FA30E9441B592C795F6 /* OSC */ = {
			isa = PBXGroup;
			children = (
				8CB01D6F1A0C446AA8907EFB /* src */,
			);
			name = OSC;
			sourceTree = "<group>";
		};
		01B97315FEAEA392516A2CEA /* Blocks */ = {
			isa = PBXGroup;
			children = (
				7BF0B0CE3A8B4D84BC89213D /* AudioUnit */,
				A4736C78F79F40F78F492327 /* Box2D */,
				01358FA30E9441B592C795F6 /* OSC */,
				6BEF30882C36465A9819325D /* Syphon */,
			);
			name = Blocks;
			sourceTree = "<group>";
		};
		080E96DDFE201D6D7F000001 /* Source */ = {
			isa = PBXGroup;
			children = (
				17FF3EE65DF64C7E81373F2F /* ChormusikApp.cpp */,
			);
			name = Source;
			sourceTree = "<group>";
		};
		1058C7A0FEA54F0111CA2CBB /* Linked Frameworks */ = {
			isa = PBXGroup;
			children = (
				00B784AF0FF439BC000DE1D7 /* Accelerate.framework */,
				00B784B00FF439BC000DE1D7 /* AudioToolbox.framework */,
				00B784B10FF439BC000DE1D7 /* AudioUnit.framework */,
				00B784B20FF439BC000DE1D7 /* CoreAudio.framework */,
				5323E6B50EAFCA7E003A9687 /* QTKit.framework */,
				5323E6B10EAFCA74003A9687 /* CoreVideo.framework */,
				0091D8F80E81B9330029341E /* OpenGL.framework */,
				1058C7A1FEA54F0111CA2CBB /* Cocoa.framework */,
			);
			name = "Linked Frameworks";
			sourceTree = "<group>";
		};
		1058C7A2FEA54F0111CA2CBB /* Other Frameworks */ = {
			isa = PBXGroup;
			children = (
				29B97324FDCFA39411CA2CEA /* AppKit.framework */,
				29B97325FDCFA39411CA2CEA /* Foundation.framework */,
			);
			name = "Other Frameworks";
			sourceTree = "<group>";
		};
		19C28FACFE9D520D11CA2CBB /* Products */ = {
			isa = PBXGroup;
			children = (
				8D1107320486CEB800E47090 /* Chormusik.app */,
			);
			name = Products;
			sourceTree = "<group>";
		};
		2025755908484786A73D7E44 /* src */ = {
			isa = PBXGroup;
			children = (
				C7D6210A712B42F2B94A92F4 /* cinderSyphon.h */,
				FD690B2D7989416F8D9401FF /* syphonClient.h */,
				D0830D25F54845EF88AA3081 /* syphonServer.h */,
				8A4EBAE904C04E4BA546F593 /* syphonServerDirectory.h */,
				E4B68B04A49D45D48D815354 /* syphonClient.mm */,
				81DA349554DD44AC868EF217 /* syphonServer.mm */,
				77E91524B8D847C584EC51C8 /* syphonServerDirectory.mm */,
			);
			name = src;
			sourceTree = "<group>";
		};
		21E50B5934BD40C59AE17CBF /* include */ = {
			isa = PBXGroup;
			children = (
				FA67A89A38FE4C6AB950D552 /* AudioUnit.h */,
			);
			name = include;
			sourceTree = "<group>";
		};
		2251E781412F4D439D545187 /* Collision */ = {
			isa = PBXGroup;
			children = (
				6F74287A09154644B9015850 /* b2BroadPhase.cpp */,
				0A8F731F84E043E98A4A4C24 /* b2CollideCircle.cpp */,
				9D6E59D9DF5649C08CBA8C69 /* b2CollideEdge.cpp */,
				F355A1154BCB4B6092C019EF /* b2CollidePolygon.cpp */,
				8ABC2F95A3B141859555B363 /* b2Collision.cpp */,
				14B0EF0FA92B46AAACA2D0D6 /* b2Distance.cpp */,
				D79271C54C8644339668D778 /* b2DynamicTree.cpp */,
				68752B6E0A2D458BABA8414D /* b2TimeOfImpact.cpp */,
				4F4FA77879B4418F8035BC0D /* b2BroadPhase.h */,
				89E032DC60FE4F9982D4AF30 /* b2Collision.h */,
				FEDF3ADAD07848D099FDB9DE /* b2Distance.h */,
				C4055D62B34041B39F70DED2 /* b2DynamicTree.h */,
				35C706E6ADB8497A84E645E0 /* b2TimeOfImpact.h */,
				D2C373BF71FD477280E3071D /* Shapes */,
			);
			name = Collision;
			sourceTree = "<group>";
		};
		271A31C2CD0744B2A25E8E48 /* Box2D */ = {
			isa = PBXGroup;
			children = (
				2251E781412F4D439D545187 /* Collision */,
				6A063726747E4C258C817DCD /* Common */,
				74FC4A5C3CAA47A49ACF5452 /* Dynamics */,
				C550172CCF7B43EB9ECAF113 /* Rope */,
				7A3AE532636C4A0B98EC5ED1 /* Box2d.h */,
			);
			name = Box2D;
			sourceTree = "<group>";
		};
		29B97314FDCFA39411CA2CEA /* Chormusik */ = {
			isa = PBXGroup;
			children = (
				8D26966118BF490700E844C4 /* assets */,
				01B97315FEAEA392516A2CEA /* Blocks */,
				29B97315FDCFA39411CA2CEA /* Headers */,
				080E96DDFE201D6D7F000001 /* Source */,
				29B97317FDCFA39411CA2CEA /* Resources */,
				29B97323FDCFA39411CA2CEA /* Frameworks */,
				19C28FACFE9D520D11CA2CBB /* Products */,
			);
			name = Chormusik;
			sourceTree = "<group>";
		};
		29B97315FDCFA39411CA2CEA /* Headers */ = {
			isa = PBXGroup;
			children = (
				6788326F95FE4E06A5B3180F /* Resources.h */,
				CD241930F0C844388CA18FC7 /* Chormusik_Prefix.pch */,
			);
			name = Headers;
			sourceTree = "<group>";
		};
		29B97317FDCFA39411CA2CEA /* Resources */ = {
			isa = PBXGroup;
			children = (
				28B4AE1801F14B6CBDE9EB69 /* CinderApp.icns */,
				EDB9DF05E700464E8DCBCE22 /* Info.plist */,
			);
			name = Resources;
			sourceTree = "<group>";
		};
		29B97323FDCFA39411CA2CEA /* Frameworks */ = {
			isa = PBXGroup;
			children = (
				1058C7A0FEA54F0111CA2CBB /* Linked Frameworks */,
				1058C7A2FEA54F0111CA2CBB /* Other Frameworks */,
				1922396956A44FC4A5B642F4 /* Carbon.framework */,
				62DCD508AA4A43CABE588904 /* CoreAudioKit.framework */,
				2B4B54563B1949D9B2CCED4A /* CoreMidi.framework */,
			);
			name = Frameworks;
			sourceTree = "<group>";
		};
		4BC262059BC14CFD82F98F93 /* ip */ = {
			isa = PBXGroup;
			children = (
				8EE945E8C7CB4C748F8C1FAB /* IpEndpointName.cpp */,
				9FA1CDF1594147CC93943B27 /* IpEndpointName.h */,
				0D56A94783164196ABA8D01A /* NetworkingUtils.h */,
				C5F24305D26D40ECAF2C943E /* PacketListener.h */,
				C6F4F470F577447E8F89CC99 /* TimerListener.h */,
				9275CF60E11D41A3A8AD1CC8 /* UdpSocket.h */,
				50115EC558504CEE94DBB48D /* posix */,
			);
			name = ip;
			sourceTree = "<group>";
		};
		50115EC558504CEE94DBB48D /* posix */ = {
			isa = PBXGroup;
			children = (
				A2336814E01A41488DD0EBDB /* NetworkingUtils.cpp */,
				5E303CAA56F04BC180B9AC70 /* UdpSocket.cpp */,
			);
			name = posix;
			sourceTree = "<group>";
		};
		673C7445699842D6886799CB /* Joints */ = {
			isa = PBXGroup;
			children = (
				000ABD390A1441EF95B7F863 /* b2DistanceJoint.cpp */,
				9BFB387ABC3142E1BB111EDB /* b2FrictionJoint.cpp */,
				37CCF4C14AF642F1BB668326 /* b2GearJoint.cpp */,
				10792100E5B24411A1E51322 /* b2Joint.cpp */,
				37F0FB857C904074963F3CA1 /* b2MouseJoint.cpp */,
				071A82E7105D4B8A8543DDAE /* b2PrismaticJoint.cpp */,
				E58D176DF2DF427786D9CA71 /* b2PulleyJoint.cpp */,
				A40BBFA6005A45D4BDED4DE8 /* b2RevoluteJoint.cpp */,
				43A180C79CB14C2EB58DA206 /* b2RopeJoint.cpp */,
				B0BF861879344431A074DBD9 /* b2WeldJoint.cpp */,
				2381A34670544C37A7ABBF64 /* b2WheelJoint.cpp */,
				31F7A31392734777B89D9528 /* b2DistanceJoint.h */,
				0672AFF43C9C4814876569FC /* b2FrictionJoint.h */,
				A79FC884DB8342E690C2D4E7 /* b2GearJoint.h */,
				EA8BA1200BD14B0F81906F81 /* b2Joint.h */,
				586C3BD7F96B49CF9F4021F5 /* b2MouseJoint.h */,
				ACF18E5330804142A964FBEB /* b2PrismaticJoint.h */,
				EAA2746E07E34C6CA8D94B17 /* b2PulleyJoint.h */,
				2BE16302682A4B3AB594BB75 /* b2RevoluteJoint.h */,
				A39FB26387F34242889A0C14 /* b2RopeJoint.h */,
				0F1F59CAB85D4286AC154944 /* b2WeldJoint.h */,
				B72EAEE5CFC04E4097C95671 /* b2WheelJoint.h */,
			);
			name = Joints;
			sourceTree = "<group>";
		};
		6A063726747E4C258C817DCD /* Common */ = {
			isa = PBXGroup;
			children = (
				C45FB2493879425AA1A4E68D /* b2BlockAllocator.cpp */,
				48A8AD4D04ED467984002A33 /* b2Draw.cpp */,
				8D59C07A3A8441A18FA9B185 /* b2Math.cpp */,
				DB0C34DF82DA46CEA3ED97E1 /* b2Settings.cpp */,
				D529308834D24C6CAC263A8E /* b2StackAllocator.cpp */,
				B126E0C452A24BF69F723F04 /* b2Timer.cpp */,
				DCF1D7CF7ACF47528614F979 /* b2BlockAllocator.h */,
				BA65EF80FA284597BA4EED6C /* b2Draw.h */,
				B898B339910C4E8EA21CF56D /* b2GrowableStack.h */,
				61F9FA32DCC4443493BAB9EB /* b2Math.h */,
				777290D8C8044EA49D1E7503 /* b2Settings.h */,
				2B10554ED6404D35B9797BB4 /* b2StackAllocator.h */,
				CC1F9E4381C54612AE66ECAE /* b2Timer.h */,
			);
			name = Common;
			sourceTree = "<group>";
		};
		6BEF30882C36465A9819325D /* Syphon */ = {
			isa = PBXGroup;
			children = (
				2025755908484786A73D7E44 /* src */,
				FF6556CB1BBD44CFBCDE9A7A /* lib */,
			);
			name = Syphon;
			sourceTree = "<group>";
		};
		6D61B6E8271C42CB87DE56BF /* src */ = {
			isa = PBXGroup;
			children = (
				A471BD8BF31D4CA9AE21482D /* FilePlayer.cpp */,
				CA0363000E094AA6B0063B47 /* GenericUnit.cpp */,
				78CAA87F2F7D426C89958BBA /* Input.cpp */,
				0CC6C85D63324F25A44D15E8 /* Midi.cpp */,
				E73F8C953CF64A689BC86C71 /* Mixer.cpp */,
				5F2E679E36CB4630A0A55847 /* NetReceive.cpp */,
				221DC9133A434DF9846F8724 /* NetSend.cpp */,
				258DA60F2BEB401E9548E6B8 /* Output.cpp */,
				E9F726F3A6134E12A8ED8E52 /* Sampler.cpp */,
				C460111D22254611A58DAFF7 /* SpeechSynth.cpp */,
				4B6B25D191F244BA90CCCB42 /* Tap.cpp */,
				B8B30468DAA546AE9EA52593 /* GUI.mm */,
				A3FED4AB81B047D4A69B6BDF /* AudioUnitMidi.h */,
				C87BB4162E3140CE96D58B36 /* AudioUnitTap.h */,
				8ACF150A1B924EC0BAD8989C /* AudioUnitTypes.h */,
				570FB48DDDCF4629BA48DA93 /* AudioUnitUtils.h */,
				DBFD319C0D934B189CAA021C /* GenericUnit.h */,
				ED583C1FA1564D1EB400B87F /* GenericUnitSubclasses.h */,
				7BEADAEBFD8F41C9A45DF646 /* TPCircularBuffer */,
			);
			name = src;
			sourceTree = "<group>";
		};
		74FC4A5C3CAA47A49ACF5452 /* Dynamics */ = {
			isa = PBXGroup;
			children = (
				0755B91A87ED489EBE778530 /* b2Body.cpp */,
				B77F1604331F455FB712D540 /* b2ContactManager.cpp */,
				20719C437C024C4AB9C5A844 /* b2Fixture.cpp */,
				CE71DE2306314ECA8D70EBFF /* b2Island.cpp */,
				DE199F3FCB874996BD45D0E5 /* b2World.cpp */,
				C55C915849074B519D4DF740 /* b2WorldCallbacks.cpp */,
				DAEC5C1478D94593B7284A73 /* b2Body.h */,
				809C0836C9C94ABB825D916A /* b2ContactManager.h */,
				61F8ECF750F44F4CB316D140 /* b2Fixture.h */,
				BABAAC20893D42E2B2E586D1 /* b2Island.h */,
				59DDC34870444FB8A7BACCB3 /* b2TimeStep.h */,
				BE7D5338A8A844F1A328F5E1 /* b2World.h */,
				21A8D1CA038945968C2A69C5 /* b2WorldCallbacks.h */,
				7C4EEFD7BFA54490AF94C86C /* Contacts */,
				673C7445699842D6886799CB /* Joints */,
			);
			name = Dynamics;
			sourceTree = "<group>";
		};
		7BEADAEBFD8F41C9A45DF646 /* TPCircularBuffer */ = {
			isa = PBXGroup;
			children = (
				F6B3BB48F76948F59FCC98AC /* TPCircularBuffer.cpp */,
				366753BC3A77453DAFFD102C /* TPCircularBuffer.h */,
			);
			name = TPCircularBuffer;
			sourceTree = "<group>";
		};
		7BF0B0CE3A8B4D84BC89213D /* AudioUnit */ = {
			isa = PBXGroup;
			children = (
				21E50B5934BD40C59AE17CBF /* include */,
				6D61B6E8271C42CB87DE56BF /* src */,
			);
			name = AudioUnit;
			sourceTree = "<group>";
		};
		7C4EEFD7BFA54490AF94C86C /* Contacts */ = {
			isa = PBXGroup;
			children = (
				167C95C91E47483A8410AEEA /* b2ChainAndCircleContact.cpp */,
				2975768E01E14FF9B28434BF /* b2ChainAndPolygonContact.cpp */,
				0FAFF7F9A9C3454FA59EEEBE /* b2CircleContact.cpp */,
				A7EA416271154D6795D33739 /* b2Contact.cpp */,
				8549DC0677364954A2F4CB75 /* b2ContactSolver.cpp */,
				E83AC26E1C974730A4D0474E /* b2EdgeAndCircleContact.cpp */,
				D4B1B634C37744FE83ED3174 /* b2EdgeAndPolygonContact.cpp */,
				060B34D6074447FD9AAC0D90 /* b2PolygonAndCircleContact.cpp */,
				9CEAE3B43E9444DB8E7C9B3D /* b2PolygonContact.cpp */,
				C095AD9F11AA4ED8AA1454ED /* b2ChainAndCircleContact.h */,
				0FF06723100D4476816A1A20 /* b2ChainAndPolygonContact.h */,
				EA13FD915E2D4D8FBBB38586 /* b2CircleContact.h */,
				52B6C939633B495D93AB6CD8 /* b2Contact.h */,
				8CB270296F1C438BB1C142E4 /* b2ContactSolver.h */,
				601FA0456248469B9DA1EF04 /* b2EdgeAndCircleContact.h */,
				6D3BAD46FB8A415098C0E274 /* b2EdgeAndPolygonContact.h */,
				8D65A0C39EB54B99A269AE95 /* b2PolygonAndCircleContact.h */,
				7A3F67F48CF44B48A0D06732 /* b2PolygonContact.h */,
			);
			name = Contacts;
			sourceTree = "<group>";
		};
		81EB6B75B2FC49B2A2043563 /* osc */ = {
			isa = PBXGroup;
			children = (
				399F62B009ED4E118D963EDC /* OscOutboundPacketStream.cpp */,
				D7D3BC6090A2411F8589B4EA /* OscPrintReceivedElements.cpp */,
				531B3EFBA9B94D96A04C0BCB /* OscReceivedElements.cpp */,
				BD6F81C4BEF74685B11CEFB9 /* OscTypes.cpp */,
				9D1FCA0F0C02426EA6E2B182 /* MessageMappingOscPacketListener.h */,
				F4476F78FEB941CBBE6C5CC5 /* OscException.h */,
				9CF4126494A449EBB8D590C4 /* OscHostEndianness.h */,
				BECC2419C19C4AAF9AECA265 /* OscOutboundPacketStream.h */,
				0FE994D64E0844A2BDD038C3 /* OscPacketListener.h */,
				0547FFD1E9C54BF887516DB0 /* OscPrintReceivedElements.h */,
				39C7F77F6D304410B0963A98 /* OscReceivedElements.h */,
				21F73170D4904B919C5A8584 /* OscTypes.h */,
			);
			name = osc;
			sourceTree = "<group>";
		};
		8CB01D6F1A0C446AA8907EFB /* src */ = {
			isa = PBXGroup;
			children = (
				017B40CB467F4CD2A510A038 /* OscBundle.cpp */,
				CE0A6C2791D04DF78C3DD74F /* OscListener.cpp */,
				D2986DCE7DCE4820A2B46A1D /* OscMessage.cpp */,
				2825C35EA4E3408CAD9CD043 /* OscSender.cpp */,
				4BC262059BC14CFD82F98F93 /* ip */,
				81EB6B75B2FC49B2A2043563 /* osc */,
				650EE21503274572B60C7CDE /* OscArg.h */,
				BBB4B7380B9F46E39243FE7D /* OscBundle.h */,
				C515600634A641C6AFBFE201 /* OscListener.h */,
				8AC2E3E3BBD449E48ED83D0E /* OscMessage.h */,
				F4583C753AB743C4ABB6395C /* OscSender.h */,
			);
			name = src;
			sourceTree = "<group>";
		};
		8D26966118BF490700E844C4 /* assets */ = {
			isa = PBXGroup;
			children = (
				8D26966218BF490700E844C4 /* cinder_logo_alpha.png */,
				8D26966318BF490700E844C4 /* gaussianBlur_frag.glsl */,
				8D26966418BF490700E844C4 /* passThru_vert.glsl */,
			);
			path = assets;
			sourceTree = "<group>";
		};
		A4736C78F79F40F78F492327 /* Box2D */ = {
			isa = PBXGroup;
			children = (
				BE2847EF85A740CE891A80AF /* src */,
			);
			name = Box2D;
			sourceTree = "<group>";
		};
		BE2847EF85A740CE891A80AF /* src */ = {
			isa = PBXGroup;
			children = (
				271A31C2CD0744B2A25E8E48 /* Box2D */,
			);
			name = src;
			sourceTree = "<group>";
		};
		C550172CCF7B43EB9ECAF113 /* Rope */ = {
			isa = PBXGroup;
			children = (
				FA0D228C39CD4374BF2225DC /* b2Rope.cpp */,
				2F574F17081A4C6EB4D09005 /* b2Rope.h */,
			);
			name = Rope;
			sourceTree = "<group>";
		};
		D2C373BF71FD477280E3071D /* Shapes */ = {
			isa = PBXGroup;
			children = (
				65BD264BC34A405CBBE2A53F /* b2ChainShape.cpp */,
				F567A136049B44E181B656D1 /* b2CircleShape.cpp */,
				65FAD8FCE75E48DFAFC20788 /* b2EdgeShape.cpp */,
				D377B3DCA6534E2BA84F71F9 /* b2PolygonShape.cpp */,
				2004E9788DB64ECA9696EFD4 /* b2ChainShape.h */,
				E31494E901C04186B910DACC /* b2CircleShape.h */,
				3C087F7B78B54583873EC1B9 /* b2EdgeShape.h */,
				CE0FF43A403C40B6BCC21E60 /* b2PolygonShape.h */,
				0F57DA781EB344538728C704 /* b2Shape.h */,
			);
			name = Shapes;
			sourceTree = "<group>";
		};
		FF6556CB1BBD44CFBCDE9A7A /* lib */ = {
			isa = PBXGroup;
			children = (
				97DF956D9BAC4F59BEDD69BC /* SyphonNameboundClient.h */,
				405EA3EC3163416AA7C77E14 /* SyphonNameboundClient.m */,
				C3E5E8EB3A9B4E07857166AA /* Syphon.framework */,
			);
			name = lib;
			sourceTree = "<group>";
		};
/* End PBXGroup section */

/* Begin PBXNativeTarget section */
		8D1107260486CEB800E47090 /* Chormusik */ = {
			isa = PBXNativeTarget;
			buildConfigurationList = C01FCF4A08A954540054247B /* Build configuration list for PBXNativeTarget "Chormusik" */;
			buildPhases = (
				8D1107290486CEB800E47090 /* Resources */,
				8D11072C0486CEB800E47090 /* Sources */,
				8D11072E0486CEB800E47090 /* Frameworks */,
				0AE4CD62C8D045878B108E98 /* CopyFiles */,
			);
			buildRules = (
			);
			dependencies = (
			);
			name = Chormusik;
			productInstallPath = "$(HOME)/Applications";
			productName = Chormusik;
			productReference = 8D1107320486CEB800E47090 /* Chormusik.app */;
			productType = "com.apple.product-type.application";
		};
/* End PBXNativeTarget section */

/* Begin PBXProject section */
		29B97313FDCFA39411CA2CEA /* Project object */ = {
			isa = PBXProject;
			attributes = {
			};
			buildConfigurationList = C01FCF4E08A954540054247B /* Build configuration list for PBXProject "Chormusik" */;
			compatibilityVersion = "Xcode 3.2";
			developmentRegion = English;
			hasScannedForEncodings = 1;
			knownRegions = (
				English,
				Japanese,
				French,
				German,
			);
			mainGroup = 29B97314FDCFA39411CA2CEA /* Chormusik */;
			projectDirPath = "";
			projectRoot = "";
			targets = (
				8D1107260486CEB800E47090 /* Chormusik */,
			);
		};
/* End PBXProject section */

/* Begin PBXResourcesBuildPhase section */
		8D1107290486CEB800E47090 /* Resources */ = {
			isa = PBXResourcesBuildPhase;
			buildActionMask = 2147483647;
			files = (
				8D26966718BF490700E844C4 /* passThru_vert.glsl in Resources */,
				8D26966518BF490700E844C4 /* cinder_logo_alpha.png in Resources */,
				F9A6F07E358C4871993DA428 /* CinderApp.icns in Resources */,
				8D26966618BF490700E844C4 /* gaussianBlur_frag.glsl in Resources */,
			);
			runOnlyForDeploymentPostprocessing = 0;
		};
/* End PBXResourcesBuildPhase section */

/* Begin PBXSourcesBuildPhase section */
		8D11072C0486CEB800E47090 /* Sources */ = {
			isa = PBXSourcesBuildPhase;
			buildActionMask = 2147483647;
			files = (
				58E751B106394C97ACC3C5E5 /* ChormusikApp.cpp in Sources */,
				30B1FF5D30A9469C9CC81D9C /* FilePlayer.cpp in Sources */,
				AA96658E2D104B15A4B4F42C /* GenericUnit.cpp in Sources */,
				035AA6784ED24FDBAF699747 /* Input.cpp in Sources */,
				F7C6A532F3A847C8A8D7F16B /* Midi.cpp in Sources */,
				CEF33FC4699F48E8A81E3B15 /* Mixer.cpp in Sources */,
				46D1635DE53D485F8FC458D5 /* NetReceive.cpp in Sources */,
				30E1BDBF38E6402CAC552291 /* NetSend.cpp in Sources */,
				07C21E73D2F640FEA5EE39DD /* Output.cpp in Sources */,
				1FEAC981A5D54644ABE81CFB /* Sampler.cpp in Sources */,
				39E4E11625244F82958F4AEA /* SpeechSynth.cpp in Sources */,
				2C4CB2FADE4B4F25AE968831 /* Tap.cpp in Sources */,
				02863259AA4F46B18400B419 /* GUI.mm in Sources */,
				5653E48EE8C24AA491FB0799 /* TPCircularBuffer.cpp in Sources */,
				82DC62278E964C7B9DDAB531 /* b2BroadPhase.cpp in Sources */,
				3C49E9BA72714C80BA03F42F /* b2CollideCircle.cpp in Sources */,
				C883F3FB331645928789DA7C /* b2CollideEdge.cpp in Sources */,
				343DD882A1A946389C15EFF1 /* b2CollidePolygon.cpp in Sources */,
				B5BF02ED1A4F4675BCA421D8 /* b2Collision.cpp in Sources */,
				A54CE78DC98B491F87339426 /* b2Distance.cpp in Sources */,
				FAD97353F43D49E0A178A815 /* b2DynamicTree.cpp in Sources */,
				6AD4DD992F344FDF9EB9C4BB /* b2TimeOfImpact.cpp in Sources */,
				3038B04B7D1746378AA97EBF /* b2ChainShape.cpp in Sources */,
				95850A37B23841A38CAE482E /* b2CircleShape.cpp in Sources */,
				0163694A90F84AFF883009CE /* b2EdgeShape.cpp in Sources */,
				B3BD394E1C3141A99217E344 /* b2PolygonShape.cpp in Sources */,
				31D27FCDC33C46EDBE17ADC6 /* b2BlockAllocator.cpp in Sources */,
				994BFE552ECD4794836B2307 /* b2Draw.cpp in Sources */,
				07972FA960224FBA8F5EEACB /* b2Math.cpp in Sources */,
				41D356DDDADE43FAB307A45C /* b2Settings.cpp in Sources */,
				8E2D955A4D224091A06B174D /* b2StackAllocator.cpp in Sources */,
				49C2563279F148F4A5B8EEC9 /* b2Timer.cpp in Sources */,
				4B2994E607014F29A5382567 /* b2Body.cpp in Sources */,
				8F4D355801644320AED41573 /* b2ContactManager.cpp in Sources */,
				5ACEC3A9EC75447FAE94A1AE /* b2Fixture.cpp in Sources */,
				C70F082A4AD04888B6B981AD /* b2Island.cpp in Sources */,
				BDB07D5483944A388F6A24D9 /* b2World.cpp in Sources */,
				357953DCD8AA469A8AE7FC97 /* b2WorldCallbacks.cpp in Sources */,
				30F5657190B14E2C82A69244 /* b2ChainAndCircleContact.cpp in Sources */,
				96CEE756C55C477993A8504D /* b2ChainAndPolygonContact.cpp in Sources */,
				92BA5761AA11432099F01A34 /* b2CircleContact.cpp in Sources */,
				E0DB238637304329B8C2B51A /* b2Contact.cpp in Sources */,
				1BDF71F0A8FA4A14B29E8795 /* b2ContactSolver.cpp in Sources */,
				FACF913B30F54E9FBD52D079 /* b2EdgeAndCircleContact.cpp in Sources */,
				85EEC0C95CC14EABB93F73B2 /* b2EdgeAndPolygonContact.cpp in Sources */,
				8362D5503C434F6DA95E3006 /* b2PolygonAndCircleContact.cpp in Sources */,
				FFC9A1181BED4669A14B5AFC /* b2PolygonContact.cpp in Sources */,
				D81134CF5B3749B99723D744 /* b2DistanceJoint.cpp in Sources */,
				47DA34A5757F49E2BA1073A4 /* b2FrictionJoint.cpp in Sources */,
				8C386774304C4F0784BAC535 /* b2GearJoint.cpp in Sources */,
				2031EBA752294A6E8C2A0DF9 /* b2Joint.cpp in Sources */,
				5B4948E2AEF148BAAEF79F68 /* b2MouseJoint.cpp in Sources */,
				52EF4C2AF6174A23BF08108D /* b2PrismaticJoint.cpp in Sources */,
				30AED334EA2B45EABFE80E2F /* b2PulleyJoint.cpp in Sources */,
				66786D7A8A7441AD8BB695F8 /* b2RevoluteJoint.cpp in Sources */,
				6C8E1623BC694ACB9F4A5805 /* b2RopeJoint.cpp in Sources */,
				CE89344B189642778E12586E /* b2WeldJoint.cpp in Sources */,
				997491766C174CB5A4EE7C15 /* b2WheelJoint.cpp in Sources */,
				E1D101E2501A46439165E7A6 /* b2Rope.cpp in Sources */,
				2F252ABE210D405CAA0084AB /* OscBundle.cpp in Sources */,
				FE39091E353944A9BF7B3D01 /* OscListener.cpp in Sources */,
				5E723963011847E69DAFCC69 /* OscMessage.cpp in Sources */,
				A091ECF301A848A9A645A473 /* OscSender.cpp in Sources */,
				12184F93F6614F6CB60F1ACB /* IpEndpointName.cpp in Sources */,
				4BC634FC38BA4C579FA7F766 /* OscOutboundPacketStream.cpp in Sources */,
				29B5C729EC1640D99B11EDD2 /* OscPrintReceivedElements.cpp in Sources */,
				6FDAE662D1004E4C955ED931 /* OscReceivedElements.cpp in Sources */,
				3BFEEDB1FD49444B8909187A /* OscTypes.cpp in Sources */,
				6CBFECCA01E64604A4AD7090 /* NetworkingUtils.cpp in Sources */,
				2C57390B6A4D4EDFBCF14548 /* UdpSocket.cpp in Sources */,
				27360EEA124B4F8F8D4296A4 /* syphonClient.mm in Sources */,
				6A7B94FF83E94E3DB80B496F /* syphonServer.mm in Sources */,
				FB4D17830A9E41D881BF7FD2 /* syphonServerDirectory.mm in Sources */,
				B3471AAB65914F56AFE9BFCA /* SyphonNameboundClient.m in Sources */,
			);
			runOnlyForDeploymentPostprocessing = 0;
		};
/* End PBXSourcesBuildPhase section */

/* Begin XCBuildConfiguration section */
		C01FCF4B08A954540054247B /* Debug */ = {
			isa = XCBuildConfiguration;
			buildSettings = {
				COMBINE_HIDPI_IMAGES = YES;
				COPY_PHASE_STRIP = NO;
				DEAD_CODE_STRIPPING = YES;
				FRAMEWORK_SEARCH_PATHS = ../blocks/Syphon/lib;
				GCC_DYNAMIC_NO_PIC = NO;
				GCC_INLINES_ARE_PRIVATE_EXTERN = YES;
				GCC_OPTIMIZATION_LEVEL = 0;
				GCC_PRECOMPILE_PREFIX_HEADER = YES;
				GCC_PREFIX_HEADER = Chormusik_Prefix.pch;
				GCC_PREPROCESSOR_DEFINITIONS = (
					"DEBUG=1",
					"$(inherited)",
				);
				GCC_SYMBOLS_PRIVATE_EXTERN = NO;
				INFOPLIST_FILE = Info.plist;
				INSTALL_PATH = "$(HOME)/Applications";
				OTHER_LDFLAGS = "\"$(CINDER_PATH)/lib/libcinder_d.a\"";
				PRODUCT_NAME = Chormusik;
				SYMROOT = ./build;
				WRAPPER_EXTENSION = app;
			};
			name = Debug;
		};
		C01FCF4C08A954540054247B /* Release */ = {
			isa = XCBuildConfiguration;
			buildSettings = {
				COMBINE_HIDPI_IMAGES = YES;
				DEAD_CODE_STRIPPING = YES;
				DEBUG_INFORMATION_FORMAT = "dwarf-with-dsym";
				FRAMEWORK_SEARCH_PATHS = ../blocks/Syphon/lib;
				GCC_FAST_MATH = YES;
				GCC_GENERATE_DEBUGGING_SYMBOLS = NO;
				GCC_INLINES_ARE_PRIVATE_EXTERN = YES;
				GCC_OPTIMIZATION_LEVEL = 3;
				GCC_PRECOMPILE_PREFIX_HEADER = YES;
				GCC_PREFIX_HEADER = Chormusik_Prefix.pch;
				GCC_SYMBOLS_PRIVATE_EXTERN = NO;
				INFOPLIST_FILE = Info.plist;
				INSTALL_PATH = "$(HOME)/Applications";
				OTHER_LDFLAGS = "\"$(CINDER_PATH)/lib/libcinder.a\"";
				PRODUCT_NAME = Chormusik;
				STRIP_INSTALLED_PRODUCT = YES;
				SYMROOT = ./build;
				WRAPPER_EXTENSION = app;
			};
			name = Release;
		};
		C01FCF4F08A954540054247B /* Debug */ = {
			isa = XCBuildConfiguration;
			buildSettings = {
				ALWAYS_SEARCH_USER_PATHS = NO;
				ARCHS = i386;
				CINDER_PATH = ../../../../Applications/cinder_0.8.5_mac;
				CLANG_CXX_LANGUAGE_STANDARD = "c++0x";
				CLANG_CXX_LIBRARY = "libc++";
				GCC_WARN_ABOUT_RETURN_TYPE = YES;
				GCC_WARN_UNUSED_VARIABLE = YES;
				HEADER_SEARCH_PATHS = (
					"\"$(CINDER_PATH)/boost\"",
					../blocks/Box2D/src,
				);
				MACOSX_DEPLOYMENT_TARGET = 10.7;
				SDKROOT = macosx;
				USER_HEADER_SEARCH_PATHS = "\"$(CINDER_PATH)/include\" ../include ../blocks/AudioUnit/include ../blocks/OSC/src";
			};
			name = Debug;
		};
		C01FCF5008A954540054247B /* Release */ = {
			isa = XCBuildConfiguration;
			buildSettings = {
				ALWAYS_SEARCH_USER_PATHS = NO;
				ARCHS = i386;
				CINDER_PATH = ../../../../Applications/cinder_0.8.5_mac;
				CLANG_CXX_LANGUAGE_STANDARD = "c++0x";
				CLANG_CXX_LIBRARY = "libc++";
				GCC_WARN_ABOUT_RETURN_TYPE = YES;
				GCC_WARN_UNUSED_VARIABLE = YES;
				HEADER_SEARCH_PATHS = (
					"\"$(CINDER_PATH)/boost\"",
					../blocks/Box2D/src,
				);
				MACOSX_DEPLOYMENT_TARGET = 10.7;
				SDKROOT = macosx;
				USER_HEADER_SEARCH_PATHS = "\"$(CINDER_PATH)/include\" ../include ../blocks/AudioUnit/include ../blocks/OSC/src";
			};
			name = Release;
		};
/* End XCBuildConfiguration section */

/* Begin XCConfigurationList section */
		C01FCF4A08A954540054247B /* Build configuration list for PBXNativeTarget "Chormusik" */ = {
			isa = XCConfigurationList;
			buildConfigurations = (
				C01FCF4B08A954540054247B /* Debug */,
				C01FCF4C08A954540054247B /* Release */,
			);
			defaultConfigurationIsVisible = 0;
			defaultConfigurationName = Release;
		};
		C01FCF4E08A954540054247B /* Build configuration list for PBXProject "Chormusik" */ = {
			isa = XCConfigurationList;
			buildConfigurations = (
				C01FCF4F08A954540054247B /* Debug */,
				C01FCF5008A954540054247B /* Release */,
			);
			defaultConfigurationIsVisible = 0;
			defaultConfigurationName = Release;
		};
/* End XCConfigurationList section */
	};
	rootObject = 29B97313FDCFA39411CA2CEA /* Project object */;
}
